// !$*UTF8*$!
{
	archiveVersion = 1;
	classes = {
	};
	objectVersion = 46;
	objects = {

/* Begin PBXBuildFile section */
		7F0D9248204619DF00D9AE6B /* BlockedView.xib in Resources */ = {isa = PBXBuildFile; fileRef = 7F0D9247204619DF00D9AE6B /* BlockedView.xib */; };
		7F0D924A20461A1F00D9AE6B /* BlockedBackgroundView.swift in Sources */ = {isa = PBXBuildFile; fileRef = 7F0D924920461A1F00D9AE6B /* BlockedBackgroundView.swift */; };
		7F102DDF1F5ABF8900E262B1 /* ProjectCell.swift in Sources */ = {isa = PBXBuildFile; fileRef = 7F426E7B1F59FD3900C55AD2 /* ProjectCell.swift */; };
		7F102DE01F5ABF8F00E262B1 /* ProjectsRepository.swift in Sources */ = {isa = PBXBuildFile; fileRef = 7F426E791F59B52800C55AD2 /* ProjectsRepository.swift */; };
		7F102DE11F5ABF9300E262B1 /* ProjectsViewController.swift in Sources */ = {isa = PBXBuildFile; fileRef = 7F426E751F59A46B00C55AD2 /* ProjectsViewController.swift */; };
		7F102DE51F5AC22200E262B1 /* DataManagerTests.swift in Sources */ = {isa = PBXBuildFile; fileRef = 7F102DE41F5AC22200E262B1 /* DataManagerTests.swift */; };
		7F163D221EDCDB9400DC52B6 /* TableHeaderView.swift in Sources */ = {isa = PBXBuildFile; fileRef = 7F163D211EDCDB9400DC52B6 /* TableHeaderView.swift */; };
		7F163D251EDD716D00DC52B6 /* Components.storyboard in Resources */ = {isa = PBXBuildFile; fileRef = 7F163D271EDD716D00DC52B6 /* Components.storyboard */; };
		7F163D2C1EDD746B00DC52B6 /* AppBadge.swift in Sources */ = {isa = PBXBuildFile; fileRef = 7F163D2B1EDD746B00DC52B6 /* AppBadge.swift */; };
		7F163D311EDEE98D00DC52B6 /* BundleExtensions.swift in Sources */ = {isa = PBXBuildFile; fileRef = 7F163D301EDEE98D00DC52B6 /* BundleExtensions.swift */; };
		7F1711E91FB1B7C600ED08D8 /* TodoItemTests.swift in Sources */ = {isa = PBXBuildFile; fileRef = 7F1711E81FB1B7C600ED08D8 /* TodoItemTests.swift */; };
		7F2A3D6E21C01F6400941347 /* Colors.xcassets in Resources */ = {isa = PBXBuildFile; fileRef = 7F2A3D6D21C01F6400941347 /* Colors.xcassets */; };
		7F2F412A2112FF6E0070FCAD /* FatalErrorHandler.swift in Sources */ = {isa = PBXBuildFile; fileRef = 7F2F41292112FF6E0070FCAD /* FatalErrorHandler.swift */; };
		7F3BD2B521CFE9BE0035F540 /* ItemDetailController.swift in Sources */ = {isa = PBXBuildFile; fileRef = 7F3BD2B421CFE9BE0035F540 /* ItemDetailController.swift */; };
		7F3BD2B721CFE9C70035F540 /* ItemDetailViewState.swift in Sources */ = {isa = PBXBuildFile; fileRef = 7F3BD2B621CFE9C70035F540 /* ItemDetailViewState.swift */; };
		7F3BD2B921CFEC970035F540 /* ItemDetailAction.swift in Sources */ = {isa = PBXBuildFile; fileRef = 7F3BD2B821CFEC970035F540 /* ItemDetailAction.swift */; };
		7F3BD2BB21D016FA0035F540 /* ItemDetailComponent.swift in Sources */ = {isa = PBXBuildFile; fileRef = 7F3BD2BA21D016FA0035F540 /* ItemDetailComponent.swift */; };
		7F3BD2BF21D13D030035F540 /* BlockedController.swift in Sources */ = {isa = PBXBuildFile; fileRef = 7F3BD2BE21D13D030035F540 /* BlockedController.swift */; };
		7F3BD2C121D13D2C0035F540 /* BlockedViewState.swift in Sources */ = {isa = PBXBuildFile; fileRef = 7F3BD2C021D13D2C0035F540 /* BlockedViewState.swift */; };
		7F3BD2C321D13D350035F540 /* BlockedRepository.swift in Sources */ = {isa = PBXBuildFile; fileRef = 7F3BD2C221D13D350035F540 /* BlockedRepository.swift */; };
		7F3BD2C521D14A010035F540 /* PlanAction.swift in Sources */ = {isa = PBXBuildFile; fileRef = 7F3BD2C421D14A010035F540 /* PlanAction.swift */; };
		7F3BD2C721D183590035F540 /* PlanCellViewState.swift in Sources */ = {isa = PBXBuildFile; fileRef = 7F3BD2C621D183590035F540 /* PlanCellViewState.swift */; };
		7F3BD2C921D2ACCE0035F540 /* ArchiveCellViewState.swift in Sources */ = {isa = PBXBuildFile; fileRef = 7F3BD2C821D2ACCE0035F540 /* ArchiveCellViewState.swift */; };
		7F3BD2CB21D2BA010035F540 /* ProjectCellViewState.swift in Sources */ = {isa = PBXBuildFile; fileRef = 7F3BD2CA21D2BA010035F540 /* ProjectCellViewState.swift */; };
		7F3BD2CD21D2D4E40035F540 /* BlockedCellViewState.swift in Sources */ = {isa = PBXBuildFile; fileRef = 7F3BD2CC21D2D4E40035F540 /* BlockedCellViewState.swift */; };
		7F3BD2CF21D2D5FF0035F540 /* TagViewState.swift in Sources */ = {isa = PBXBuildFile; fileRef = 7F3BD2CE21D2D5FF0035F540 /* TagViewState.swift */; };
		7F3BD2D121D2D82D0035F540 /* BlockedState.swift in Sources */ = {isa = PBXBuildFile; fileRef = 7F3BD2D021D2D82D0035F540 /* BlockedState.swift */; };
		7F3BD2D321D2D93D0035F540 /* BlockedBackgroundViewState.swift in Sources */ = {isa = PBXBuildFile; fileRef = 7F3BD2D221D2D93D0035F540 /* BlockedBackgroundViewState.swift */; };
		7F429C7621C3D99E00195E32 /* assets.swift in Sources */ = {isa = PBXBuildFile; fileRef = 7F429C7421C3D99E00195E32 /* assets.swift */; };
		7F429C7721C3D99E00195E32 /* strings.swift in Sources */ = {isa = PBXBuildFile; fileRef = 7F429C7521C3D99E00195E32 /* strings.swift */; };
		7F429C7921C3E9D000195E32 /* PlanController.swift in Sources */ = {isa = PBXBuildFile; fileRef = 7F429C7821C3E9D000195E32 /* PlanController.swift */; };
		7F429C7B21C3F88800195E32 /* PlanViewState.swift in Sources */ = {isa = PBXBuildFile; fileRef = 7F429C7A21C3F88800195E32 /* PlanViewState.swift */; };
		7F429C7D21C3F8E700195E32 /* Mockable.swift in Sources */ = {isa = PBXBuildFile; fileRef = 7F429C7C21C3F8E700195E32 /* Mockable.swift */; };
		7F429C7F21C4040E00195E32 /* PlanSection.swift in Sources */ = {isa = PBXBuildFile; fileRef = 7F429C7E21C4040E00195E32 /* PlanSection.swift */; };
		7F429C8121C4041B00195E32 /* PlanItemAction.swift in Sources */ = {isa = PBXBuildFile; fileRef = 7F429C8021C4041B00195E32 /* PlanItemAction.swift */; };
		7F429C8321C40D2200195E32 /* AsyncAwait.framework in Frameworks */ = {isa = PBXBuildFile; fileRef = 7F429C8221C40D2200195E32 /* AsyncAwait.framework */; };
		7F429C8521C40D2E00195E32 /* Result.framework in Frameworks */ = {isa = PBXBuildFile; fileRef = 7F429C8421C40D2E00195E32 /* Result.framework */; };
		7F429C8721C41B3500195E32 /* AppController.swift in Sources */ = {isa = PBXBuildFile; fileRef = 7F429C8621C41B3500195E32 /* AppController.swift */; };
		7F429C8921C41BFD00195E32 /* AppControllerFactory.swift in Sources */ = {isa = PBXBuildFile; fileRef = 7F429C8821C41BFD00195E32 /* AppControllerFactory.swift */; };
		7F429C8E21C42FF600195E32 /* PlanCoordinator.swift in Sources */ = {isa = PBXBuildFile; fileRef = 7F429C8D21C42FF600195E32 /* PlanCoordinator.swift */; };
		7F429C9121C539CD00195E32 /* ArchiveController.swift in Sources */ = {isa = PBXBuildFile; fileRef = 7F429C9021C539CD00195E32 /* ArchiveController.swift */; };
		7F429C9321C53B7800195E32 /* LayoutConstraintCache.swift in Sources */ = {isa = PBXBuildFile; fileRef = 7F429C9221C53B7800195E32 /* LayoutConstraintCache.swift */; };
		7F429C9521C5402100195E32 /* ArchiveAction.swift in Sources */ = {isa = PBXBuildFile; fileRef = 7F429C9421C5402100195E32 /* ArchiveAction.swift */; };
		7F429C9721C5413400195E32 /* ArchiveViewState.swift in Sources */ = {isa = PBXBuildFile; fileRef = 7F429C9621C5413400195E32 /* ArchiveViewState.swift */; };
		7F429C9921C55E0300195E32 /* AlertController.swift in Sources */ = {isa = PBXBuildFile; fileRef = 7F429C9821C55E0300195E32 /* AlertController.swift */; };
		7F429C9B21C55E4400195E32 /* Alert.swift in Sources */ = {isa = PBXBuildFile; fileRef = 7F429C9A21C55E4400195E32 /* Alert.swift */; };
		7F429C9D21C5B60100195E32 /* ProjectsController.swift in Sources */ = {isa = PBXBuildFile; fileRef = 7F429C9C21C5B60100195E32 /* ProjectsController.swift */; };
		7F429C9F21C5B7D500195E32 /* ProjectsViewState.swift in Sources */ = {isa = PBXBuildFile; fileRef = 7F429C9E21C5B7D500195E32 /* ProjectsViewState.swift */; };
		7F429CA121C6578D00195E32 /* Error.swift in Sources */ = {isa = PBXBuildFile; fileRef = 7F429CA021C6578D00195E32 /* Error.swift */; };
		7F429CA321C65EA700195E32 /* CoreDataContext.swift in Sources */ = {isa = PBXBuildFile; fileRef = 7F429CA221C65EA700195E32 /* CoreDataContext.swift */; };
		7F429CA521C6663500195E32 /* ProjectSections.swift in Sources */ = {isa = PBXBuildFile; fileRef = 7F429CA421C6663500195E32 /* ProjectSections.swift */; };
		7F429CA721C66B5000195E32 /* ProjectsAction.swift in Sources */ = {isa = PBXBuildFile; fileRef = 7F429CA621C66B5000195E32 /* ProjectsAction.swift */; };
		7F429CA921C66B5C00195E32 /* ProjectItemAction.swift in Sources */ = {isa = PBXBuildFile; fileRef = 7F429CA821C66B5C00195E32 /* ProjectItemAction.swift */; };
		7F429CAB21C7FD0D00195E32 /* Presentable.swift in Sources */ = {isa = PBXBuildFile; fileRef = 7F429CAA21C7FD0D00195E32 /* Presentable.swift */; };
		7F6CE2002043594300AE399E /* BlockedViewControllerTests.swift in Sources */ = {isa = PBXBuildFile; fileRef = 7F6CE1FF2043594300AE399E /* BlockedViewControllerTests.swift */; };
		7F6CE20220435AFF00AE399E /* BlockedDataSource.swift in Sources */ = {isa = PBXBuildFile; fileRef = 7F6CE20120435AFF00AE399E /* BlockedDataSource.swift */; };
		7F6CE20420435C6900AE399E /* ItemDetailDataSourceTests.swift in Sources */ = {isa = PBXBuildFile; fileRef = 7F6CE20320435C6900AE399E /* ItemDetailDataSourceTests.swift */; };
		7F7540111F5AD1A900A0F06C /* Project.storyboard in Resources */ = {isa = PBXBuildFile; fileRef = 7F75400F1F5AD1A900A0F06C /* Project.storyboard */; };
		7F7770BE1EE8261200A58494 /* ArchiveViewControllerTests.swift in Sources */ = {isa = PBXBuildFile; fileRef = 7F7770BD1EE8261200A58494 /* ArchiveViewControllerTests.swift */; };
		7F7770C71EE827F000A58494 /* Archive.storyboard in Resources */ = {isa = PBXBuildFile; fileRef = 7F7770C91EE827F000A58494 /* Archive.storyboard */; };
		7F7770CD1EE8358500A58494 /* GCD.swift in Sources */ = {isa = PBXBuildFile; fileRef = 7F7770CC1EE8358500A58494 /* GCD.swift */; };
		7F7770CF1EE83E8200A58494 /* ArchiveDataSourceTests.swift in Sources */ = {isa = PBXBuildFile; fileRef = 7F7770CE1EE83E8200A58494 /* ArchiveDataSourceTests.swift */; };
		7F90548B1EA7B6DF006D8F73 /* MockTodoItem.swift in Sources */ = {isa = PBXBuildFile; fileRef = 7F90548A1EA7B6DF006D8F73 /* MockTodoItem.swift */; };
		7F93792D1EA761F9009E33FA /* SimpleDatePicker.swift in Sources */ = {isa = PBXBuildFile; fileRef = 7F93792C1EA761F9009E33FA /* SimpleDatePicker.swift */; };
		7F93792F1EA7661B009E33FA /* DateSegment.swift in Sources */ = {isa = PBXBuildFile; fileRef = 7F93792E1EA7661B009E33FA /* DateSegment.swift */; };
		7F9C62222018BF32006890EB /* DateComponentsFormatterExtensions.swift in Sources */ = {isa = PBXBuildFile; fileRef = 7F9C62202018BE5E006890EB /* DateComponentsFormatterExtensions.swift */; };
		7FA59D8A21BEBDB100538013 /* Logging.framework in Frameworks */ = {isa = PBXBuildFile; fileRef = 7FA59D8821BEBDB000538013 /* Logging.framework */; };
		7FA59DEE21BEC4DE00538013 /* PPBadgeView.framework in Frameworks */ = {isa = PBXBuildFile; fileRef = 7FA59DED21BEC4DE00538013 /* PPBadgeView.framework */; };
		7FA9C2171EA9161C0089A87C /* Localizable.strings in Resources */ = {isa = PBXBuildFile; fileRef = 7FA9C2191EA9161C0089A87C /* Localizable.strings */; };
		7FA9C21F1EAA216A0089A87C /* DisplayEnum.swift in Sources */ = {isa = PBXBuildFile; fileRef = 7FA9C21E1EAA216A0089A87C /* DisplayEnum.swift */; };
		7FAC2C5D1E9E673400F14ECB /* AppDelegate.swift in Sources */ = {isa = PBXBuildFile; fileRef = 7FAC2C5C1E9E673400F14ECB /* AppDelegate.swift */; };
		7FAC2C5F1E9E673400F14ECB /* PlanViewController.swift in Sources */ = {isa = PBXBuildFile; fileRef = 7FAC2C5E1E9E673400F14ECB /* PlanViewController.swift */; };
		7FAC2C621E9E673400F14ECB /* Plan.storyboard in Resources */ = {isa = PBXBuildFile; fileRef = 7FAC2C601E9E673400F14ECB /* Plan.storyboard */; };
		7FAC2C671E9E673400F14ECB /* Assets.xcassets in Resources */ = {isa = PBXBuildFile; fileRef = 7FAC2C661E9E673400F14ECB /* Assets.xcassets */; };
		7FAC2C6A1E9E673400F14ECB /* LaunchScreen.storyboard in Resources */ = {isa = PBXBuildFile; fileRef = 7FAC2C681E9E673400F14ECB /* LaunchScreen.storyboard */; };
		7FAC2C751E9E673400F14ECB /* PlanViewControllerTests.swift in Sources */ = {isa = PBXBuildFile; fileRef = 7FAC2C741E9E673400F14ECB /* PlanViewControllerTests.swift */; };
		7FAC2C801E9E676A00F14ECB /* CoreDataManager.swift in Sources */ = {isa = PBXBuildFile; fileRef = 7FAC2C7F1E9E676A00F14ECB /* CoreDataManager.swift */; };
		7FAC2C821E9E692E00F14ECB /* ItemDetailViewController.swift in Sources */ = {isa = PBXBuildFile; fileRef = 7FAC2C811E9E692E00F14ECB /* ItemDetailViewController.swift */; };
		7FAC2C841E9E71BA00F14ECB /* PlanRepository.swift in Sources */ = {isa = PBXBuildFile; fileRef = 7FAC2C831E9E71BA00F14ECB /* PlanRepository.swift */; };
		7FAC2C921E9E7EEA00F14ECB /* PlanCell.swift in Sources */ = {isa = PBXBuildFile; fileRef = 7FAC2C911E9E7EEA00F14ECB /* PlanCell.swift */; };
		7FAC2C941E9EBC9A00F14ECB /* TodoItem+Utility.swift in Sources */ = {isa = PBXBuildFile; fileRef = 7FAC2C931E9EBC9A00F14ECB /* TodoItem+Utility.swift */; };
		7FAC2C961E9EBF6400F14ECB /* ResponderSelection.swift in Sources */ = {isa = PBXBuildFile; fileRef = 7FAC2C951E9EBF6400F14ECB /* ResponderSelection.swift */; };
		7FAC2C981E9EC91400F14ECB /* RepeatState.swift in Sources */ = {isa = PBXBuildFile; fileRef = 7FAC2C971E9EC91400F14ECB /* RepeatState.swift */; };
		7FAC2C9F1E9ECACB00F14ECB /* DateExtensions.swift in Sources */ = {isa = PBXBuildFile; fileRef = 7FAC2C9E1E9ECACB00F14ECB /* DateExtensions.swift */; };
		7FAC2CA21E9ED15100F14ECB /* UIStoryboardExtensions.swift in Sources */ = {isa = PBXBuildFile; fileRef = 7FAC2CA11E9ED15100F14ECB /* UIStoryboardExtensions.swift */; };
		7FAC2CA41E9ED1C800F14ECB /* FatalViewController.swift in Sources */ = {isa = PBXBuildFile; fileRef = 7FAC2CA31E9ED1C800F14ECB /* FatalViewController.swift */; };
		7FAC2CA81E9ED67200F14ECB /* ArrayExtensions.swift in Sources */ = {isa = PBXBuildFile; fileRef = 7FAC2CA71E9ED67200F14ECB /* ArrayExtensions.swift */; };
		7FAC2CB01E9F7B3D00F14ECB /* UITextViewStyle.swift in Sources */ = {isa = PBXBuildFile; fileRef = 7FAC2CAF1E9F7B3D00F14ECB /* UITextViewStyle.swift */; };
		7FAC2CB21E9F7EDF00F14ECB /* NotificationName.swift in Sources */ = {isa = PBXBuildFile; fileRef = 7FAC2CB11E9F7EDF00F14ECB /* NotificationName.swift */; };
		7FAC2CB61E9F9B0E00F14ECB /* UITableViewStyle.swift in Sources */ = {isa = PBXBuildFile; fileRef = 7FAC2CB51E9F9B0E00F14ECB /* UITableViewStyle.swift */; };
		7FAC2CB81E9FA8AE00F14ECB /* UITextFieldReadOnly.swift in Sources */ = {isa = PBXBuildFile; fileRef = 7FAC2CB71E9FA8AE00F14ECB /* UITextFieldReadOnly.swift */; };
		7FBA02891EE1E50800C3103A /* ArchiveViewController.swift in Sources */ = {isa = PBXBuildFile; fileRef = 7FBA02881EE1E50800C3103A /* ArchiveViewController.swift */; };
		7FBA028B1EE1E60D00C3103A /* ArchiveCell.swift in Sources */ = {isa = PBXBuildFile; fileRef = 7FBA028A1EE1E60D00C3103A /* ArchiveCell.swift */; };
		7FBA028D1EE1E85800C3103A /* ArchiveRepository.swift in Sources */ = {isa = PBXBuildFile; fileRef = 7FBA028C1EE1E85800C3103A /* ArchiveRepository.swift */; };
		7FC488D42041A3DD003F6F19 /* BlockedCell.swift in Sources */ = {isa = PBXBuildFile; fileRef = 7FC488D32041A3DD003F6F19 /* BlockedCell.swift */; };
		7FC488D72041A763003F6F19 /* BlockedViewController.swift in Sources */ = {isa = PBXBuildFile; fileRef = 7FC488D62041A763003F6F19 /* BlockedViewController.swift */; };
		7FC73E751F5AA83E00A55703 /* ProjectsViewControllerTests.swift in Sources */ = {isa = PBXBuildFile; fileRef = 7FC73E741F5AA83E00A55703 /* ProjectsViewControllerTests.swift */; };
		7FC73E771F5AA89200A55703 /* MockProject.swift in Sources */ = {isa = PBXBuildFile; fileRef = 7FC73E761F5AA89200A55703 /* MockProject.swift */; };
		7FC73E791F5AAE7300A55703 /* ProjectsDataSourceTests.swift in Sources */ = {isa = PBXBuildFile; fileRef = 7FC73E781F5AAE7300A55703 /* ProjectsDataSourceTests.swift */; };
		7FC73E7D1F5ABE6700A55703 /* EasyLife.xcdatamodeld in Sources */ = {isa = PBXBuildFile; fileRef = 7FC73E7B1F5ABE6700A55703 /* EasyLife.xcdatamodeld */; };
		7FCEC91F1EA7BB3D00BA5187 /* ItemDetailViewControllerTests.swift in Sources */ = {isa = PBXBuildFile; fileRef = 7FCEC91E1EA7BB3D00BA5187 /* ItemDetailViewControllerTests.swift */; };
		7FCEC9221EA7C88400BA5187 /* RepeatTests.swift in Sources */ = {isa = PBXBuildFile; fileRef = 7FCEC9211EA7C88400BA5187 /* RepeatTests.swift */; };
		7FCEC9241EA7C88B00BA5187 /* DateSegmentTests.swift in Sources */ = {isa = PBXBuildFile; fileRef = 7FCEC9231EA7C88B00BA5187 /* DateSegmentTests.swift */; };
		7FCEC9261EA7CD0500BA5187 /* PlanDataSourceTests.swift in Sources */ = {isa = PBXBuildFile; fileRef = 7FCEC9251EA7CD0500BA5187 /* PlanDataSourceTests.swift */; };
		7FCEC9281EA8E3B500BA5187 /* CoreData.swift in Sources */ = {isa = PBXBuildFile; fileRef = 7FCEC9271EA8E3B500BA5187 /* CoreData.swift */; };
		7FCEC92A1EA905E100BA5187 /* FatalErrorHandlerTests.swift in Sources */ = {isa = PBXBuildFile; fileRef = 7FCEC9291EA905E100BA5187 /* FatalErrorHandlerTests.swift */; };
		7FD1EE241F8E8CCC0042C317 /* TagView.xib in Resources */ = {isa = PBXBuildFile; fileRef = 7FD1EE231F8E8CCC0042C317 /* TagView.xib */; };
		7FD1EE261F8E8D750042C317 /* TagView.swift in Sources */ = {isa = PBXBuildFile; fileRef = 7FD1EE251F8E8D750042C317 /* TagView.swift */; };
		7FD2E4E41F8EB2EB00A57FB5 /* UIViewExtensions.swift in Sources */ = {isa = PBXBuildFile; fileRef = 7FD2E4E31F8EB2EB00A57FB5 /* UIViewExtensions.swift */; };
		7FE4488F2041F49900F2DE77 /* ItemDetailRepository.swift in Sources */ = {isa = PBXBuildFile; fileRef = 7FE4488E2041F49900F2DE77 /* ItemDetailRepository.swift */; };
		7FE4489120420B2C00F2DE77 /* BlockedItem.swift in Sources */ = {isa = PBXBuildFile; fileRef = 7FE4489020420B2C00F2DE77 /* BlockedItem.swift */; };
		7FEEF2CE2042FB3500616041 /* Project+Utility.swift in Sources */ = {isa = PBXBuildFile; fileRef = 7FEEF2CD2042FB3500616041 /* Project+Utility.swift */; };
		7FEEF2D22043522900616041 /* EasyLife 1.5.0.sqlite in Resources */ = {isa = PBXBuildFile; fileRef = 7FEEF2D12043522900616041 /* EasyLife 1.5.0.sqlite */; };
/* End PBXBuildFile section */

/* Begin PBXContainerItemProxy section */
		7FAC2C711E9E673400F14ECB /* PBXContainerItemProxy */ = {
			isa = PBXContainerItemProxy;
			containerPortal = 7FAC2C511E9E673400F14ECB /* Project object */;
			proxyType = 1;
			remoteGlobalIDString = 7FAC2C581E9E673400F14ECB;
			remoteInfo = EasyLife;
		};
/* End PBXContainerItemProxy section */

/* Begin PBXFileReference section */
		7F0D9247204619DF00D9AE6B /* BlockedView.xib */ = {isa = PBXFileReference; lastKnownFileType = file.xib; path = BlockedView.xib; sourceTree = "<group>"; };
		7F0D924920461A1F00D9AE6B /* BlockedBackgroundView.swift */ = {isa = PBXFileReference; lastKnownFileType = sourcecode.swift; path = BlockedBackgroundView.swift; sourceTree = "<group>"; };
		7F102DE21F5AC11600E262B1 /* EasyLife.sqlite */ = {isa = PBXFileReference; lastKnownFileType = file; path = EasyLife.sqlite; sourceTree = "<group>"; };
		7F102DE41F5AC22200E262B1 /* DataManagerTests.swift */ = {isa = PBXFileReference; fileEncoding = 4; lastKnownFileType = sourcecode.swift; path = DataManagerTests.swift; sourceTree = "<group>"; };
		7F102DE61F5AD08300E262B1 /* EasyLife 1.3.0.sqlite */ = {isa = PBXFileReference; lastKnownFileType = file; path = "EasyLife 1.3.0.sqlite"; sourceTree = "<group>"; };
		7F163D211EDCDB9400DC52B6 /* TableHeaderView.swift */ = {isa = PBXFileReference; fileEncoding = 4; lastKnownFileType = sourcecode.swift; path = TableHeaderView.swift; sourceTree = "<group>"; };
		7F163D281EDD717500DC52B6 /* Base */ = {isa = PBXFileReference; lastKnownFileType = file.storyboard; name = Base; path = Base.lproj/Components.storyboard; sourceTree = "<group>"; };
		7F163D2A1EDD718500DC52B6 /* en */ = {isa = PBXFileReference; lastKnownFileType = text.plist.strings; name = en; path = en.lproj/Components.strings; sourceTree = "<group>"; };
		7F163D2B1EDD746B00DC52B6 /* AppBadge.swift */ = {isa = PBXFileReference; fileEncoding = 4; lastKnownFileType = sourcecode.swift; path = AppBadge.swift; sourceTree = "<group>"; };
		7F163D301EDEE98D00DC52B6 /* BundleExtensions.swift */ = {isa = PBXFileReference; fileEncoding = 4; lastKnownFileType = sourcecode.swift; path = BundleExtensions.swift; sourceTree = "<group>"; };
		7F1711E81FB1B7C600ED08D8 /* TodoItemTests.swift */ = {isa = PBXFileReference; lastKnownFileType = sourcecode.swift; path = TodoItemTests.swift; sourceTree = "<group>"; };
		7F2A3D6D21C01F6400941347 /* Colors.xcassets */ = {isa = PBXFileReference; lastKnownFileType = folder.assetcatalog; path = Colors.xcassets; sourceTree = "<group>"; };
		7F2F41292112FF6E0070FCAD /* FatalErrorHandler.swift */ = {isa = PBXFileReference; lastKnownFileType = sourcecode.swift; path = FatalErrorHandler.swift; sourceTree = "<group>"; };
		7F3BD2B421CFE9BE0035F540 /* ItemDetailController.swift */ = {isa = PBXFileReference; lastKnownFileType = sourcecode.swift; path = ItemDetailController.swift; sourceTree = "<group>"; };
		7F3BD2B621CFE9C70035F540 /* ItemDetailViewState.swift */ = {isa = PBXFileReference; lastKnownFileType = sourcecode.swift; path = ItemDetailViewState.swift; sourceTree = "<group>"; };
		7F3BD2B821CFEC970035F540 /* ItemDetailAction.swift */ = {isa = PBXFileReference; lastKnownFileType = sourcecode.swift; path = ItemDetailAction.swift; sourceTree = "<group>"; };
		7F3BD2BA21D016FA0035F540 /* ItemDetailComponent.swift */ = {isa = PBXFileReference; lastKnownFileType = sourcecode.swift; path = ItemDetailComponent.swift; sourceTree = "<group>"; };
		7F3BD2BE21D13D030035F540 /* BlockedController.swift */ = {isa = PBXFileReference; lastKnownFileType = sourcecode.swift; path = BlockedController.swift; sourceTree = "<group>"; };
		7F3BD2C021D13D2C0035F540 /* BlockedViewState.swift */ = {isa = PBXFileReference; lastKnownFileType = sourcecode.swift; path = BlockedViewState.swift; sourceTree = "<group>"; };
		7F3BD2C221D13D350035F540 /* BlockedRepository.swift */ = {isa = PBXFileReference; lastKnownFileType = sourcecode.swift; path = BlockedRepository.swift; sourceTree = "<group>"; };
		7F3BD2C421D14A010035F540 /* PlanAction.swift */ = {isa = PBXFileReference; lastKnownFileType = sourcecode.swift; path = PlanAction.swift; sourceTree = "<group>"; };
		7F3BD2C621D183590035F540 /* PlanCellViewState.swift */ = {isa = PBXFileReference; lastKnownFileType = sourcecode.swift; path = PlanCellViewState.swift; sourceTree = "<group>"; };
		7F3BD2C821D2ACCE0035F540 /* ArchiveCellViewState.swift */ = {isa = PBXFileReference; lastKnownFileType = sourcecode.swift; path = ArchiveCellViewState.swift; sourceTree = "<group>"; };
		7F3BD2CA21D2BA010035F540 /* ProjectCellViewState.swift */ = {isa = PBXFileReference; lastKnownFileType = sourcecode.swift; path = ProjectCellViewState.swift; sourceTree = "<group>"; };
		7F3BD2CC21D2D4E40035F540 /* BlockedCellViewState.swift */ = {isa = PBXFileReference; lastKnownFileType = sourcecode.swift; path = BlockedCellViewState.swift; sourceTree = "<group>"; };
		7F3BD2CE21D2D5FF0035F540 /* TagViewState.swift */ = {isa = PBXFileReference; lastKnownFileType = sourcecode.swift; path = TagViewState.swift; sourceTree = "<group>"; };
		7F3BD2D021D2D82D0035F540 /* BlockedState.swift */ = {isa = PBXFileReference; lastKnownFileType = sourcecode.swift; path = BlockedState.swift; sourceTree = "<group>"; };
		7F3BD2D221D2D93D0035F540 /* BlockedBackgroundViewState.swift */ = {isa = PBXFileReference; lastKnownFileType = sourcecode.swift; path = BlockedBackgroundViewState.swift; sourceTree = "<group>"; };
		7F426E751F59A46B00C55AD2 /* ProjectsViewController.swift */ = {isa = PBXFileReference; fileEncoding = 4; lastKnownFileType = sourcecode.swift; path = ProjectsViewController.swift; sourceTree = "<group>"; };
		7F426E791F59B52800C55AD2 /* ProjectsRepository.swift */ = {isa = PBXFileReference; fileEncoding = 4; lastKnownFileType = sourcecode.swift; path = ProjectsRepository.swift; sourceTree = "<group>"; };
		7F426E7B1F59FD3900C55AD2 /* ProjectCell.swift */ = {isa = PBXFileReference; fileEncoding = 4; lastKnownFileType = sourcecode.swift; path = ProjectCell.swift; sourceTree = "<group>"; };
		7F429C7421C3D99E00195E32 /* assets.swift */ = {isa = PBXFileReference; fileEncoding = 4; lastKnownFileType = sourcecode.swift; name = assets.swift; path = Generated/assets.swift; sourceTree = SOURCE_ROOT; };
		7F429C7521C3D99E00195E32 /* strings.swift */ = {isa = PBXFileReference; fileEncoding = 4; lastKnownFileType = sourcecode.swift; name = strings.swift; path = Generated/strings.swift; sourceTree = SOURCE_ROOT; };
		7F429C7821C3E9D000195E32 /* PlanController.swift */ = {isa = PBXFileReference; lastKnownFileType = sourcecode.swift; path = PlanController.swift; sourceTree = "<group>"; };
		7F429C7A21C3F88800195E32 /* PlanViewState.swift */ = {isa = PBXFileReference; lastKnownFileType = sourcecode.swift; path = PlanViewState.swift; sourceTree = "<group>"; };
		7F429C7C21C3F8E700195E32 /* Mockable.swift */ = {isa = PBXFileReference; lastKnownFileType = sourcecode.swift; path = Mockable.swift; sourceTree = "<group>"; };
		7F429C7E21C4040E00195E32 /* PlanSection.swift */ = {isa = PBXFileReference; lastKnownFileType = sourcecode.swift; path = PlanSection.swift; sourceTree = "<group>"; };
		7F429C8021C4041B00195E32 /* PlanItemAction.swift */ = {isa = PBXFileReference; lastKnownFileType = sourcecode.swift; path = PlanItemAction.swift; sourceTree = "<group>"; };
		7F429C8221C40D2200195E32 /* AsyncAwait.framework */ = {isa = PBXFileReference; lastKnownFileType = wrapper.framework; name = AsyncAwait.framework; path = Carthage/Build/iOS/AsyncAwait.framework; sourceTree = "<group>"; };
		7F429C8421C40D2E00195E32 /* Result.framework */ = {isa = PBXFileReference; lastKnownFileType = wrapper.framework; name = Result.framework; path = Carthage/Build/iOS/Result.framework; sourceTree = "<group>"; };
		7F429C8621C41B3500195E32 /* AppController.swift */ = {isa = PBXFileReference; lastKnownFileType = sourcecode.swift; path = AppController.swift; sourceTree = "<group>"; };
		7F429C8821C41BFD00195E32 /* AppControllerFactory.swift */ = {isa = PBXFileReference; lastKnownFileType = sourcecode.swift; path = AppControllerFactory.swift; sourceTree = "<group>"; };
		7F429C8D21C42FF600195E32 /* PlanCoordinator.swift */ = {isa = PBXFileReference; lastKnownFileType = sourcecode.swift; path = PlanCoordinator.swift; sourceTree = "<group>"; };
		7F429C9021C539CD00195E32 /* ArchiveController.swift */ = {isa = PBXFileReference; lastKnownFileType = sourcecode.swift; path = ArchiveController.swift; sourceTree = "<group>"; };
		7F429C9221C53B7800195E32 /* LayoutConstraintCache.swift */ = {isa = PBXFileReference; lastKnownFileType = sourcecode.swift; path = LayoutConstraintCache.swift; sourceTree = "<group>"; };
		7F429C9421C5402100195E32 /* ArchiveAction.swift */ = {isa = PBXFileReference; lastKnownFileType = sourcecode.swift; path = ArchiveAction.swift; sourceTree = "<group>"; };
		7F429C9621C5413400195E32 /* ArchiveViewState.swift */ = {isa = PBXFileReference; lastKnownFileType = sourcecode.swift; path = ArchiveViewState.swift; sourceTree = "<group>"; };
		7F429C9821C55E0300195E32 /* AlertController.swift */ = {isa = PBXFileReference; lastKnownFileType = sourcecode.swift; path = AlertController.swift; sourceTree = "<group>"; };
		7F429C9A21C55E4400195E32 /* Alert.swift */ = {isa = PBXFileReference; lastKnownFileType = sourcecode.swift; path = Alert.swift; sourceTree = "<group>"; };
		7F429C9C21C5B60100195E32 /* ProjectsController.swift */ = {isa = PBXFileReference; lastKnownFileType = sourcecode.swift; path = ProjectsController.swift; sourceTree = "<group>"; };
		7F429C9E21C5B7D500195E32 /* ProjectsViewState.swift */ = {isa = PBXFileReference; lastKnownFileType = sourcecode.swift; path = ProjectsViewState.swift; sourceTree = "<group>"; };
		7F429CA021C6578D00195E32 /* Error.swift */ = {isa = PBXFileReference; lastKnownFileType = sourcecode.swift; path = Error.swift; sourceTree = "<group>"; };
		7F429CA221C65EA700195E32 /* CoreDataContext.swift */ = {isa = PBXFileReference; lastKnownFileType = sourcecode.swift; path = CoreDataContext.swift; sourceTree = "<group>"; };
		7F429CA421C6663500195E32 /* ProjectSections.swift */ = {isa = PBXFileReference; lastKnownFileType = sourcecode.swift; path = ProjectSections.swift; sourceTree = "<group>"; };
		7F429CA621C66B5000195E32 /* ProjectsAction.swift */ = {isa = PBXFileReference; lastKnownFileType = sourcecode.swift; path = ProjectsAction.swift; sourceTree = "<group>"; };
		7F429CA821C66B5C00195E32 /* ProjectItemAction.swift */ = {isa = PBXFileReference; lastKnownFileType = sourcecode.swift; path = ProjectItemAction.swift; sourceTree = "<group>"; };
		7F429CAA21C7FD0D00195E32 /* Presentable.swift */ = {isa = PBXFileReference; lastKnownFileType = sourcecode.swift; path = Presentable.swift; sourceTree = "<group>"; };
		7F6CE1FF2043594300AE399E /* BlockedViewControllerTests.swift */ = {isa = PBXFileReference; lastKnownFileType = sourcecode.swift; path = BlockedViewControllerTests.swift; sourceTree = "<group>"; };
		7F6CE20120435AFF00AE399E /* BlockedDataSource.swift */ = {isa = PBXFileReference; lastKnownFileType = sourcecode.swift; path = BlockedDataSource.swift; sourceTree = "<group>"; };
		7F6CE20320435C6900AE399E /* ItemDetailDataSourceTests.swift */ = {isa = PBXFileReference; lastKnownFileType = sourcecode.swift; path = ItemDetailDataSourceTests.swift; sourceTree = "<group>"; };
		7F7540101F5AD1A900A0F06C /* Base */ = {isa = PBXFileReference; lastKnownFileType = file.storyboard; name = Base; path = Base.lproj/Project.storyboard; sourceTree = "<group>"; };
		7F7540131F5AD29C00A0F06C /* en */ = {isa = PBXFileReference; lastKnownFileType = text.plist.strings; name = en; path = en.lproj/Project.strings; sourceTree = "<group>"; };
		7F7770BD1EE8261200A58494 /* ArchiveViewControllerTests.swift */ = {isa = PBXFileReference; fileEncoding = 4; lastKnownFileType = sourcecode.swift; path = ArchiveViewControllerTests.swift; sourceTree = "<group>"; };
		7F7770C81EE827F000A58494 /* Base */ = {isa = PBXFileReference; lastKnownFileType = file.storyboard; name = Base; path = Base.lproj/Archive.storyboard; sourceTree = "<group>"; };
		7F7770CB1EE827F200A58494 /* en */ = {isa = PBXFileReference; lastKnownFileType = text.plist.strings; name = en; path = en.lproj/Archive.strings; sourceTree = "<group>"; };
		7F7770CC1EE8358500A58494 /* GCD.swift */ = {isa = PBXFileReference; fileEncoding = 4; lastKnownFileType = sourcecode.swift; path = GCD.swift; sourceTree = "<group>"; };
		7F7770CE1EE83E8200A58494 /* ArchiveDataSourceTests.swift */ = {isa = PBXFileReference; fileEncoding = 4; lastKnownFileType = sourcecode.swift; path = ArchiveDataSourceTests.swift; sourceTree = "<group>"; };
		7F90548A1EA7B6DF006D8F73 /* MockTodoItem.swift */ = {isa = PBXFileReference; fileEncoding = 4; lastKnownFileType = sourcecode.swift; path = MockTodoItem.swift; sourceTree = "<group>"; };
		7F93792C1EA761F9009E33FA /* SimpleDatePicker.swift */ = {isa = PBXFileReference; fileEncoding = 4; lastKnownFileType = sourcecode.swift; path = SimpleDatePicker.swift; sourceTree = "<group>"; };
		7F93792E1EA7661B009E33FA /* DateSegment.swift */ = {isa = PBXFileReference; fileEncoding = 4; lastKnownFileType = sourcecode.swift; path = DateSegment.swift; sourceTree = "<group>"; };
		7F9C62202018BE5E006890EB /* DateComponentsFormatterExtensions.swift */ = {isa = PBXFileReference; fileEncoding = 4; lastKnownFileType = sourcecode.swift; path = DateComponentsFormatterExtensions.swift; sourceTree = "<group>"; };
		7FA59D8321BEB65A00538013 /* CHANGELOG.md */ = {isa = PBXFileReference; lastKnownFileType = net.daringfireball.markdown; path = CHANGELOG.md; sourceTree = "<group>"; };
		7FA59D8421BEB65A00538013 /* README.md */ = {isa = PBXFileReference; lastKnownFileType = net.daringfireball.markdown; path = README.md; sourceTree = "<group>"; };
		7FA59D8821BEBDB000538013 /* Logging.framework */ = {isa = PBXFileReference; lastKnownFileType = wrapper.framework; name = Logging.framework; path = Carthage/Build/iOS/Logging.framework; sourceTree = "<group>"; };
		7FA59D8921BEBDB100538013 /* TestExtensions.framework */ = {isa = PBXFileReference; lastKnownFileType = wrapper.framework; name = TestExtensions.framework; path = Carthage/Build/iOS/TestExtensions.framework; sourceTree = "<group>"; };
		7FA59DED21BEC4DE00538013 /* PPBadgeView.framework */ = {isa = PBXFileReference; lastKnownFileType = wrapper.framework; name = PPBadgeView.framework; path = Carthage/Build/iOS/PPBadgeView.framework; sourceTree = "<group>"; };
		7FA9C2181EA9161C0089A87C /* en */ = {isa = PBXFileReference; lastKnownFileType = text.plist.strings; name = en; path = en.lproj/Localizable.strings; sourceTree = "<group>"; };
		7FA9C21A1EA9161F0089A87C /* Base */ = {isa = PBXFileReference; lastKnownFileType = text.plist.strings; name = Base; path = Base.lproj/Localizable.strings; sourceTree = "<group>"; };
		7FA9C21E1EAA216A0089A87C /* DisplayEnum.swift */ = {isa = PBXFileReference; fileEncoding = 4; lastKnownFileType = sourcecode.swift; path = DisplayEnum.swift; sourceTree = "<group>"; };
		7FAC2C591E9E673400F14ECB /* EasyLife.app */ = {isa = PBXFileReference; explicitFileType = wrapper.application; includeInIndex = 0; path = EasyLife.app; sourceTree = BUILT_PRODUCTS_DIR; };
		7FAC2C5C1E9E673400F14ECB /* AppDelegate.swift */ = {isa = PBXFileReference; lastKnownFileType = sourcecode.swift; path = AppDelegate.swift; sourceTree = "<group>"; };
		7FAC2C5E1E9E673400F14ECB /* PlanViewController.swift */ = {isa = PBXFileReference; lastKnownFileType = sourcecode.swift; path = PlanViewController.swift; sourceTree = "<group>"; };
		7FAC2C611E9E673400F14ECB /* Base */ = {isa = PBXFileReference; lastKnownFileType = file.storyboard; name = Base; path = Base.lproj/Plan.storyboard; sourceTree = "<group>"; };
		7FAC2C661E9E673400F14ECB /* Assets.xcassets */ = {isa = PBXFileReference; lastKnownFileType = folder.assetcatalog; path = Assets.xcassets; sourceTree = "<group>"; };
		7FAC2C691E9E673400F14ECB /* Base */ = {isa = PBXFileReference; lastKnownFileType = file.storyboard; name = Base; path = Base.lproj/LaunchScreen.storyboard; sourceTree = "<group>"; };
		7FAC2C6B1E9E673400F14ECB /* Info.plist */ = {isa = PBXFileReference; lastKnownFileType = text.plist.xml; path = Info.plist; sourceTree = "<group>"; };
		7FAC2C701E9E673400F14ECB /* EasyLifeTests.xctest */ = {isa = PBXFileReference; explicitFileType = wrapper.cfbundle; includeInIndex = 0; path = EasyLifeTests.xctest; sourceTree = BUILT_PRODUCTS_DIR; };
		7FAC2C741E9E673400F14ECB /* PlanViewControllerTests.swift */ = {isa = PBXFileReference; lastKnownFileType = sourcecode.swift; path = PlanViewControllerTests.swift; sourceTree = "<group>"; };
		7FAC2C761E9E673400F14ECB /* Info.plist */ = {isa = PBXFileReference; lastKnownFileType = text.plist.xml; path = Info.plist; sourceTree = "<group>"; };
		7FAC2C7F1E9E676A00F14ECB /* CoreDataManager.swift */ = {isa = PBXFileReference; fileEncoding = 4; lastKnownFileType = sourcecode.swift; path = CoreDataManager.swift; sourceTree = "<group>"; };
		7FAC2C811E9E692E00F14ECB /* ItemDetailViewController.swift */ = {isa = PBXFileReference; fileEncoding = 4; lastKnownFileType = sourcecode.swift; path = ItemDetailViewController.swift; sourceTree = "<group>"; };
		7FAC2C831E9E71BA00F14ECB /* PlanRepository.swift */ = {isa = PBXFileReference; fileEncoding = 4; lastKnownFileType = sourcecode.swift; path = PlanRepository.swift; sourceTree = "<group>"; };
		7FAC2C911E9E7EEA00F14ECB /* PlanCell.swift */ = {isa = PBXFileReference; fileEncoding = 4; lastKnownFileType = sourcecode.swift; path = PlanCell.swift; sourceTree = "<group>"; };
		7FAC2C931E9EBC9A00F14ECB /* TodoItem+Utility.swift */ = {isa = PBXFileReference; fileEncoding = 4; lastKnownFileType = sourcecode.swift; path = "TodoItem+Utility.swift"; sourceTree = "<group>"; };
		7FAC2C951E9EBF6400F14ECB /* ResponderSelection.swift */ = {isa = PBXFileReference; fileEncoding = 4; lastKnownFileType = sourcecode.swift; path = ResponderSelection.swift; sourceTree = "<group>"; };
		7FAC2C971E9EC91400F14ECB /* RepeatState.swift */ = {isa = PBXFileReference; fileEncoding = 4; lastKnownFileType = sourcecode.swift; path = RepeatState.swift; sourceTree = "<group>"; };
		7FAC2C9E1E9ECACB00F14ECB /* DateExtensions.swift */ = {isa = PBXFileReference; fileEncoding = 4; lastKnownFileType = sourcecode.swift; path = DateExtensions.swift; sourceTree = "<group>"; };
		7FAC2CA11E9ED15100F14ECB /* UIStoryboardExtensions.swift */ = {isa = PBXFileReference; fileEncoding = 4; lastKnownFileType = sourcecode.swift; path = UIStoryboardExtensions.swift; sourceTree = "<group>"; };
		7FAC2CA31E9ED1C800F14ECB /* FatalViewController.swift */ = {isa = PBXFileReference; fileEncoding = 4; lastKnownFileType = sourcecode.swift; path = FatalViewController.swift; sourceTree = "<group>"; };
		7FAC2CA71E9ED67200F14ECB /* ArrayExtensions.swift */ = {isa = PBXFileReference; fileEncoding = 4; lastKnownFileType = sourcecode.swift; path = ArrayExtensions.swift; sourceTree = "<group>"; };
		7FAC2CAF1E9F7B3D00F14ECB /* UITextViewStyle.swift */ = {isa = PBXFileReference; fileEncoding = 4; lastKnownFileType = sourcecode.swift; path = UITextViewStyle.swift; sourceTree = "<group>"; };
		7FAC2CB11E9F7EDF00F14ECB /* NotificationName.swift */ = {isa = PBXFileReference; fileEncoding = 4; lastKnownFileType = sourcecode.swift; path = NotificationName.swift; sourceTree = "<group>"; };
		7FAC2CB51E9F9B0E00F14ECB /* UITableViewStyle.swift */ = {isa = PBXFileReference; fileEncoding = 4; lastKnownFileType = sourcecode.swift; path = UITableViewStyle.swift; sourceTree = "<group>"; };
		7FAC2CB71E9FA8AE00F14ECB /* UITextFieldReadOnly.swift */ = {isa = PBXFileReference; fileEncoding = 4; lastKnownFileType = sourcecode.swift; path = UITextFieldReadOnly.swift; sourceTree = "<group>"; };
		7FBA02881EE1E50800C3103A /* ArchiveViewController.swift */ = {isa = PBXFileReference; fileEncoding = 4; lastKnownFileType = sourcecode.swift; path = ArchiveViewController.swift; sourceTree = "<group>"; };
		7FBA028A1EE1E60D00C3103A /* ArchiveCell.swift */ = {isa = PBXFileReference; fileEncoding = 4; lastKnownFileType = sourcecode.swift; path = ArchiveCell.swift; sourceTree = "<group>"; };
		7FBA028C1EE1E85800C3103A /* ArchiveRepository.swift */ = {isa = PBXFileReference; fileEncoding = 4; lastKnownFileType = sourcecode.swift; path = ArchiveRepository.swift; sourceTree = "<group>"; };
		7FC488D32041A3DD003F6F19 /* BlockedCell.swift */ = {isa = PBXFileReference; lastKnownFileType = sourcecode.swift; path = BlockedCell.swift; sourceTree = "<group>"; };
		7FC488D52041A50C003F6F19 /* EasyLife 1.5.0.xcdatamodel */ = {isa = PBXFileReference; lastKnownFileType = wrapper.xcdatamodel; path = "EasyLife 1.5.0.xcdatamodel"; sourceTree = "<group>"; };
		7FC488D62041A763003F6F19 /* BlockedViewController.swift */ = {isa = PBXFileReference; lastKnownFileType = sourcecode.swift; path = BlockedViewController.swift; sourceTree = "<group>"; };
		7FC73E741F5AA83E00A55703 /* ProjectsViewControllerTests.swift */ = {isa = PBXFileReference; fileEncoding = 4; lastKnownFileType = sourcecode.swift; path = ProjectsViewControllerTests.swift; sourceTree = "<group>"; };
		7FC73E761F5AA89200A55703 /* MockProject.swift */ = {isa = PBXFileReference; fileEncoding = 4; lastKnownFileType = sourcecode.swift; path = MockProject.swift; sourceTree = "<group>"; };
		7FC73E781F5AAE7300A55703 /* ProjectsDataSourceTests.swift */ = {isa = PBXFileReference; fileEncoding = 4; lastKnownFileType = sourcecode.swift; path = ProjectsDataSourceTests.swift; sourceTree = "<group>"; };
		7FC73E7C1F5ABE6700A55703 /* EasyLife.xcdatamodel */ = {isa = PBXFileReference; lastKnownFileType = wrapper.xcdatamodel; path = EasyLife.xcdatamodel; sourceTree = "<group>"; };
		7FC73E7E1F5ABE7A00A55703 /* EasyLife 1.3.0.xcdatamodel */ = {isa = PBXFileReference; lastKnownFileType = wrapper.xcdatamodel; path = "EasyLife 1.3.0.xcdatamodel"; sourceTree = "<group>"; };
		7FCEC91E1EA7BB3D00BA5187 /* ItemDetailViewControllerTests.swift */ = {isa = PBXFileReference; fileEncoding = 4; lastKnownFileType = sourcecode.swift; path = ItemDetailViewControllerTests.swift; sourceTree = "<group>"; };
		7FCEC9211EA7C88400BA5187 /* RepeatTests.swift */ = {isa = PBXFileReference; fileEncoding = 4; lastKnownFileType = sourcecode.swift; path = RepeatTests.swift; sourceTree = "<group>"; };
		7FCEC9231EA7C88B00BA5187 /* DateSegmentTests.swift */ = {isa = PBXFileReference; fileEncoding = 4; lastKnownFileType = sourcecode.swift; path = DateSegmentTests.swift; sourceTree = "<group>"; };
		7FCEC9251EA7CD0500BA5187 /* PlanDataSourceTests.swift */ = {isa = PBXFileReference; fileEncoding = 4; lastKnownFileType = sourcecode.swift; path = PlanDataSourceTests.swift; sourceTree = "<group>"; };
		7FCEC9271EA8E3B500BA5187 /* CoreData.swift */ = {isa = PBXFileReference; fileEncoding = 4; lastKnownFileType = sourcecode.swift; path = CoreData.swift; sourceTree = "<group>"; };
		7FCEC9291EA905E100BA5187 /* FatalErrorHandlerTests.swift */ = {isa = PBXFileReference; fileEncoding = 4; lastKnownFileType = sourcecode.swift; path = FatalErrorHandlerTests.swift; sourceTree = "<group>"; };
		7FD1EE231F8E8CCC0042C317 /* TagView.xib */ = {isa = PBXFileReference; lastKnownFileType = file.xib; path = TagView.xib; sourceTree = "<group>"; };
		7FD1EE251F8E8D750042C317 /* TagView.swift */ = {isa = PBXFileReference; lastKnownFileType = sourcecode.swift; path = TagView.swift; sourceTree = "<group>"; };
		7FD2E4E31F8EB2EB00A57FB5 /* UIViewExtensions.swift */ = {isa = PBXFileReference; lastKnownFileType = sourcecode.swift; path = UIViewExtensions.swift; sourceTree = "<group>"; };
		7FE4488E2041F49900F2DE77 /* ItemDetailRepository.swift */ = {isa = PBXFileReference; lastKnownFileType = sourcecode.swift; path = ItemDetailRepository.swift; sourceTree = "<group>"; };
		7FE4489020420B2C00F2DE77 /* BlockedItem.swift */ = {isa = PBXFileReference; lastKnownFileType = sourcecode.swift; path = BlockedItem.swift; sourceTree = "<group>"; };
		7FEEF2CD2042FB3500616041 /* Project+Utility.swift */ = {isa = PBXFileReference; lastKnownFileType = sourcecode.swift; path = "Project+Utility.swift"; sourceTree = "<group>"; };
		7FEEF2D02043094200616041 /* en */ = {isa = PBXFileReference; lastKnownFileType = text.plist.strings; name = en; path = en.lproj/Plan.strings; sourceTree = "<group>"; };
		7FEEF2D12043522900616041 /* EasyLife 1.5.0.sqlite */ = {isa = PBXFileReference; lastKnownFileType = file; path = "EasyLife 1.5.0.sqlite"; sourceTree = "<group>"; };
/* End PBXFileReference section */

/* Begin PBXFrameworksBuildPhase section */
		7FAC2C561E9E673400F14ECB /* Frameworks */ = {
			isa = PBXFrameworksBuildPhase;
			buildActionMask = 2147483647;
			files = (
				7FA59D8A21BEBDB100538013 /* Logging.framework in Frameworks */,
				7FA59DEE21BEC4DE00538013 /* PPBadgeView.framework in Frameworks */,
				7F429C8321C40D2200195E32 /* AsyncAwait.framework in Frameworks */,
				7F429C8521C40D2E00195E32 /* Result.framework in Frameworks */,
			);
			runOnlyForDeploymentPostprocessing = 0;
		};
		7FAC2C6D1E9E673400F14ECB /* Frameworks */ = {
			isa = PBXFrameworksBuildPhase;
			buildActionMask = 2147483647;
			files = (
			);
			runOnlyForDeploymentPostprocessing = 0;
		};
/* End PBXFrameworksBuildPhase section */

/* Begin PBXGroup section */
		7F102DE31F5AC11D00E262B1 /* CoreData */ = {
			isa = PBXGroup;
			children = (
				7FEEF2D12043522900616041 /* EasyLife 1.5.0.sqlite */,
				7F102DE61F5AD08300E262B1 /* EasyLife 1.3.0.sqlite */,
				7F102DE21F5AC11600E262B1 /* EasyLife.sqlite */,
			);
			name = CoreData;
			sourceTree = "<group>";
		};
		7F429C6E21C3D8F100195E32 /* Storyboard */ = {
			isa = PBXGroup;
			children = (
				7FAC2C601E9E673400F14ECB /* Plan.storyboard */,
				7F7770C91EE827F000A58494 /* Archive.storyboard */,
				7F75400F1F5AD1A900A0F06C /* Project.storyboard */,
				7F163D271EDD716D00DC52B6 /* Components.storyboard */,
				7FAC2C681E9E673400F14ECB /* LaunchScreen.storyboard */,
				7FD1EE231F8E8CCC0042C317 /* TagView.xib */,
				7F0D9247204619DF00D9AE6B /* BlockedView.xib */,
			);
			name = Storyboard;
			sourceTree = "<group>";
		};
		7F429C7321C3D98C00195E32 /* Generated */ = {
			isa = PBXGroup;
			children = (
				7F429C7421C3D99E00195E32 /* assets.swift */,
				7F429C7521C3D99E00195E32 /* strings.swift */,
			);
			name = Generated;
			sourceTree = "<group>";
		};
		7F429C8A21C42F9500195E32 /* Factory */ = {
			isa = PBXGroup;
			children = (
				7F429C8821C41BFD00195E32 /* AppControllerFactory.swift */,
			);
			name = Factory;
			sourceTree = "<group>";
		};
		7F429C8B21C42F9B00195E32 /* ViewState */ = {
			isa = PBXGroup;
			children = (
				7F429C7A21C3F88800195E32 /* PlanViewState.swift */,
				7F3BD2C621D183590035F540 /* PlanCellViewState.swift */,
				7F429C9621C5413400195E32 /* ArchiveViewState.swift */,
				7F3BD2C821D2ACCE0035F540 /* ArchiveCellViewState.swift */,
				7F429C9E21C5B7D500195E32 /* ProjectsViewState.swift */,
				7F3BD2CA21D2BA010035F540 /* ProjectCellViewState.swift */,
				7F3BD2B621CFE9C70035F540 /* ItemDetailViewState.swift */,
				7F3BD2C021D13D2C0035F540 /* BlockedViewState.swift */,
				7F3BD2D221D2D93D0035F540 /* BlockedBackgroundViewState.swift */,
				7F3BD2CC21D2D4E40035F540 /* BlockedCellViewState.swift */,
				7F3BD2CE21D2D5FF0035F540 /* TagViewState.swift */,
			);
			name = ViewState;
			sourceTree = "<group>";
		};
		7F429C8C21C42FA700195E32 /* Controller */ = {
			isa = PBXGroup;
			children = (
				7F429C8621C41B3500195E32 /* AppController.swift */,
				7F429C7821C3E9D000195E32 /* PlanController.swift */,
				7F429C9C21C5B60100195E32 /* ProjectsController.swift */,
				7F429C9021C539CD00195E32 /* ArchiveController.swift */,
				7F3BD2B421CFE9BE0035F540 /* ItemDetailController.swift */,
				7F3BD2BE21D13D030035F540 /* BlockedController.swift */,
				7F429C9821C55E0300195E32 /* AlertController.swift */,
			);
			name = Controller;
			sourceTree = "<group>";
		};
		7F429C8F21C42FFC00195E32 /* Coordinator */ = {
			isa = PBXGroup;
			children = (
				7F429C8D21C42FF600195E32 /* PlanCoordinator.swift */,
			);
			name = Coordinator;
			sourceTree = "<group>";
		};
		7F7770BF1EE8261900A58494 /* ViewController */ = {
			isa = PBXGroup;
			children = (
				7FAC2C741E9E673400F14ECB /* PlanViewControllerTests.swift */,
				7F7770BD1EE8261200A58494 /* ArchiveViewControllerTests.swift */,
				7FC73E741F5AA83E00A55703 /* ProjectsViewControllerTests.swift */,
				7FCEC91E1EA7BB3D00BA5187 /* ItemDetailViewControllerTests.swift */,
				7F6CE1FF2043594300AE399E /* BlockedViewControllerTests.swift */,
			);
			name = ViewController;
			sourceTree = "<group>";
		};
		7F7770C01EE8262F00A58494 /* Model */ = {
			isa = PBXGroup;
			children = (
				7FCEC9211EA7C88400BA5187 /* RepeatTests.swift */,
				7FCEC9231EA7C88B00BA5187 /* DateSegmentTests.swift */,
				7F1711E81FB1B7C600ED08D8 /* TodoItemTests.swift */,
			);
			name = Model;
			sourceTree = "<group>";
		};
		7F7770C11EE8264100A58494 /* Object */ = {
			isa = PBXGroup;
			children = (
				7FCEC9251EA7CD0500BA5187 /* PlanDataSourceTests.swift */,
				7F7770CE1EE83E8200A58494 /* ArchiveDataSourceTests.swift */,
				7FC73E781F5AAE7300A55703 /* ProjectsDataSourceTests.swift */,
				7F6CE20320435C6900AE399E /* ItemDetailDataSourceTests.swift */,
				7F6CE20120435AFF00AE399E /* BlockedDataSource.swift */,
				7F102DE41F5AC22200E262B1 /* DataManagerTests.swift */,
				7FCEC9291EA905E100BA5187 /* FatalErrorHandlerTests.swift */,
			);
			name = Object;
			sourceTree = "<group>";
		};
		7F7770C21EE8265700A58494 /* Resources */ = {
			isa = PBXGroup;
			children = (
				7FAC2C761E9E673400F14ECB /* Info.plist */,
				7F102DE31F5AC11D00E262B1 /* CoreData */,
			);
			name = Resources;
			sourceTree = "<group>";
		};
		7FA59D8721BEBDB000538013 /* Frameworks */ = {
			isa = PBXGroup;
			children = (
				7F429C8421C40D2E00195E32 /* Result.framework */,
				7F429C8221C40D2200195E32 /* AsyncAwait.framework */,
				7FA59DED21BEC4DE00538013 /* PPBadgeView.framework */,
				7FA59D8821BEBDB000538013 /* Logging.framework */,
				7FA59D8921BEBDB100538013 /* TestExtensions.framework */,
			);
			name = Frameworks;
			sourceTree = "<group>";
		};
		7FAC2C501E9E673400F14ECB = {
			isa = PBXGroup;
			children = (
				7FA59D8421BEB65A00538013 /* README.md */,
				7FA59D8321BEB65A00538013 /* CHANGELOG.md */,
				7FAC2C5B1E9E673400F14ECB /* EasyLife */,
				7FAC2C731E9E673400F14ECB /* EasyLifeTests */,
				7FAC2C5A1E9E673400F14ECB /* Products */,
				7FA59D8721BEBDB000538013 /* Frameworks */,
			);
			sourceTree = "<group>";
		};
		7FAC2C5A1E9E673400F14ECB /* Products */ = {
			isa = PBXGroup;
			children = (
				7FAC2C591E9E673400F14ECB /* EasyLife.app */,
				7FAC2C701E9E673400F14ECB /* EasyLifeTests.xctest */,
			);
			name = Products;
			sourceTree = "<group>";
		};
		7FAC2C5B1E9E673400F14ECB /* EasyLife */ = {
			isa = PBXGroup;
			children = (
				7FAC2C5C1E9E673400F14ECB /* AppDelegate.swift */,
				7F429C8A21C42F9500195E32 /* Factory */,
				7F429C8F21C42FFC00195E32 /* Coordinator */,
				7F429C8C21C42FA700195E32 /* Controller */,
				7FAC2C9C1E9ECAA300F14ECB /* ViewController */,
				7FAC2C9B1E9ECA9C00F14ECB /* View */,
				7F429C8B21C42F9B00195E32 /* ViewState */,
				7FAC2C991E9ECA8400F14ECB /* Model */,
				7FAC2C9D1E9ECAA900F14ECB /* Object */,
				7FAC2CA01E9ECAD400F14ECB /* Protocol */,
				7FAC2C9A1E9ECA9700F14ECB /* Extension */,
				7F429C7321C3D98C00195E32 /* Generated */,
				7FAC2CAE1E9EF53A00F14ECB /* Resources */,
			);
			path = EasyLife;
			sourceTree = "<group>";
		};
		7FAC2C731E9E673400F14ECB /* EasyLifeTests */ = {
			isa = PBXGroup;
			children = (
				7F7770BF1EE8261900A58494 /* ViewController */,
				7F7770C01EE8262F00A58494 /* Model */,
				7F7770C11EE8264100A58494 /* Object */,
				7FCEC9201EA7BB4500BA5187 /* TestHelper */,
				7F7770C21EE8265700A58494 /* Resources */,
			);
			path = EasyLifeTests;
			sourceTree = "<group>";
		};
		7FAC2C991E9ECA8400F14ECB /* Model */ = {
			isa = PBXGroup;
			children = (
				7F429C7E21C4040E00195E32 /* PlanSection.swift */,
				7F3BD2C421D14A010035F540 /* PlanAction.swift */,
				7F429C8021C4041B00195E32 /* PlanItemAction.swift */,
				7F429C9421C5402100195E32 /* ArchiveAction.swift */,
				7F3BD2B821CFEC970035F540 /* ItemDetailAction.swift */,
				7F429CA421C6663500195E32 /* ProjectSections.swift */,
				7F429CA621C66B5000195E32 /* ProjectsAction.swift */,
				7F429CA821C66B5C00195E32 /* ProjectItemAction.swift */,
				7F3BD2BA21D016FA0035F540 /* ItemDetailComponent.swift */,
				7FAC2C971E9EC91400F14ECB /* RepeatState.swift */,
				7F93792E1EA7661B009E33FA /* DateSegment.swift */,
				7FE4489020420B2C00F2DE77 /* BlockedItem.swift */,
				7FAC2C931E9EBC9A00F14ECB /* TodoItem+Utility.swift */,
				7FEEF2CD2042FB3500616041 /* Project+Utility.swift */,
				7F429C9A21C55E4400195E32 /* Alert.swift */,
				7F429CA021C6578D00195E32 /* Error.swift */,
				7F429CA221C65EA700195E32 /* CoreDataContext.swift */,
				7F3BD2D021D2D82D0035F540 /* BlockedState.swift */,
			);
			name = Model;
			sourceTree = "<group>";
		};
		7FAC2C9A1E9ECA9700F14ECB /* Extension */ = {
			isa = PBXGroup;
			children = (
				7FAC2C9E1E9ECACB00F14ECB /* DateExtensions.swift */,
				7F9C62202018BE5E006890EB /* DateComponentsFormatterExtensions.swift */,
				7FAC2CA11E9ED15100F14ECB /* UIStoryboardExtensions.swift */,
				7FAC2CA71E9ED67200F14ECB /* ArrayExtensions.swift */,
				7FAC2CAF1E9F7B3D00F14ECB /* UITextViewStyle.swift */,
				7FAC2CB11E9F7EDF00F14ECB /* NotificationName.swift */,
				7FAC2CB51E9F9B0E00F14ECB /* UITableViewStyle.swift */,
				7FAC2CB71E9FA8AE00F14ECB /* UITextFieldReadOnly.swift */,
				7F163D301EDEE98D00DC52B6 /* BundleExtensions.swift */,
				7FD2E4E31F8EB2EB00A57FB5 /* UIViewExtensions.swift */,
				7F429C7C21C3F8E700195E32 /* Mockable.swift */,
			);
			name = Extension;
			sourceTree = "<group>";
		};
		7FAC2C9B1E9ECA9C00F14ECB /* View */ = {
			isa = PBXGroup;
			children = (
				7FAC2C911E9E7EEA00F14ECB /* PlanCell.swift */,
				7FBA028A1EE1E60D00C3103A /* ArchiveCell.swift */,
				7F426E7B1F59FD3900C55AD2 /* ProjectCell.swift */,
				7FC488D32041A3DD003F6F19 /* BlockedCell.swift */,
				7F93792C1EA761F9009E33FA /* SimpleDatePicker.swift */,
				7F163D211EDCDB9400DC52B6 /* TableHeaderView.swift */,
				7FD1EE251F8E8D750042C317 /* TagView.swift */,
				7F0D924920461A1F00D9AE6B /* BlockedBackgroundView.swift */,
			);
			name = View;
			sourceTree = "<group>";
		};
		7FAC2C9C1E9ECAA300F14ECB /* ViewController */ = {
			isa = PBXGroup;
			children = (
				7FAC2C5E1E9E673400F14ECB /* PlanViewController.swift */,
				7FBA02881EE1E50800C3103A /* ArchiveViewController.swift */,
				7F426E751F59A46B00C55AD2 /* ProjectsViewController.swift */,
				7FAC2C811E9E692E00F14ECB /* ItemDetailViewController.swift */,
				7FC488D62041A763003F6F19 /* BlockedViewController.swift */,
				7FAC2CA31E9ED1C800F14ECB /* FatalViewController.swift */,
			);
			name = ViewController;
			sourceTree = "<group>";
		};
		7FAC2C9D1E9ECAA900F14ECB /* Object */ = {
			isa = PBXGroup;
			children = (
				7FAC2C831E9E71BA00F14ECB /* PlanRepository.swift */,
				7FBA028C1EE1E85800C3103A /* ArchiveRepository.swift */,
				7F426E791F59B52800C55AD2 /* ProjectsRepository.swift */,
				7FE4488E2041F49900F2DE77 /* ItemDetailRepository.swift */,
				7F3BD2C221D13D350035F540 /* BlockedRepository.swift */,
				7FAC2C7F1E9E676A00F14ECB /* CoreDataManager.swift */,
				7F163D2B1EDD746B00DC52B6 /* AppBadge.swift */,
				7F2F41292112FF6E0070FCAD /* FatalErrorHandler.swift */,
				7F429C9221C53B7800195E32 /* LayoutConstraintCache.swift */,
			);
			name = Object;
			sourceTree = "<group>";
		};
		7FAC2CA01E9ECAD400F14ECB /* Protocol */ = {
			isa = PBXGroup;
			children = (
				7FAC2C951E9EBF6400F14ECB /* ResponderSelection.swift */,
				7FA9C21E1EAA216A0089A87C /* DisplayEnum.swift */,
				7F429CAA21C7FD0D00195E32 /* Presentable.swift */,
			);
			name = Protocol;
			sourceTree = "<group>";
		};
		7FAC2CAE1E9EF53A00F14ECB /* Resources */ = {
			isa = PBXGroup;
			children = (
				7F2A3D6D21C01F6400941347 /* Colors.xcassets */,
				7FAC2C661E9E673400F14ECB /* Assets.xcassets */,
				7F429C6E21C3D8F100195E32 /* Storyboard */,
				7FC73E7B1F5ABE6700A55703 /* EasyLife.xcdatamodeld */,
				7FAC2C6B1E9E673400F14ECB /* Info.plist */,
				7FA9C2191EA9161C0089A87C /* Localizable.strings */,
			);
			name = Resources;
			sourceTree = "<group>";
		};
		7FCEC9201EA7BB4500BA5187 /* TestHelper */ = {
			isa = PBXGroup;
			children = (
				7F7770CC1EE8358500A58494 /* GCD.swift */,
				7F90548A1EA7B6DF006D8F73 /* MockTodoItem.swift */,
				7FC73E761F5AA89200A55703 /* MockProject.swift */,
				7FCEC9271EA8E3B500BA5187 /* CoreData.swift */,
			);
			name = TestHelper;
			sourceTree = "<group>";
		};
/* End PBXGroup section */

/* Begin PBXNativeTarget section */
		7FAC2C581E9E673400F14ECB /* EasyLife */ = {
			isa = PBXNativeTarget;
			buildConfigurationList = 7FAC2C791E9E673400F14ECB /* Build configuration list for PBXNativeTarget "EasyLife" */;
			buildPhases = (
				7FA9C21D1EA917A80089A87C /* ShellScript */,
				7FA59D8521BEB6D000538013 /* ShellScript */,
				7FA59D8621BEB6EA00538013 /* ShellScript */,
				7FAC2C551E9E673400F14ECB /* Sources */,
				7FAC2C561E9E673400F14ECB /* Frameworks */,
				7FAC2C571E9E673400F14ECB /* Resources */,
				7FA59D8C21BEBDBA00538013 /* ShellScript */,
			);
			buildRules = (
			);
			dependencies = (
			);
			name = EasyLife;
			productName = EasyLife;
			productReference = 7FAC2C591E9E673400F14ECB /* EasyLife.app */;
			productType = "com.apple.product-type.application";
		};
		7FAC2C6F1E9E673400F14ECB /* EasyLifeTests */ = {
			isa = PBXNativeTarget;
			buildConfigurationList = 7FAC2C7C1E9E673400F14ECB /* Build configuration list for PBXNativeTarget "EasyLifeTests" */;
			buildPhases = (
				AE7DFFA73A9D97FAF265AB72 /* [CP] Check Pods Manifest.lock */,
				7FAC2C6C1E9E673400F14ECB /* Sources */,
				7FAC2C6D1E9E673400F14ECB /* Frameworks */,
				7FAC2C6E1E9E673400F14ECB /* Resources */,
				D1AB6AE6DCCE8F33D1D4B4B6 /* [CP] Embed Pods Frameworks */,
				8F5517368FCC974021FC30B1 /* [CP] Copy Pods Resources */,
			);
			buildRules = (
			);
			dependencies = (
				7FAC2C721E9E673400F14ECB /* PBXTargetDependency */,
			);
			name = EasyLifeTests;
			productName = EasyLifeTests;
			productReference = 7FAC2C701E9E673400F14ECB /* EasyLifeTests.xctest */;
			productType = "com.apple.product-type.bundle.unit-test";
		};
/* End PBXNativeTarget section */

/* Begin PBXProject section */
		7FAC2C511E9E673400F14ECB /* Project object */ = {
			isa = PBXProject;
			attributes = {
				LastSwiftUpdateCheck = 0820;
				LastUpgradeCheck = 1010;
				ORGANIZATIONNAME = "Pink Chicken Ltd";
				TargetAttributes = {
					7FAC2C581E9E673400F14ECB = {
						CreatedOnToolsVersion = 8.2;
						DevelopmentTeam = PFC77GK3D7;
						LastSwiftMigration = 0900;
						ProvisioningStyle = Automatic;
					};
					7FAC2C6F1E9E673400F14ECB = {
						CreatedOnToolsVersion = 8.2;
						DevelopmentTeam = PFC77GK3D7;
						LastSwiftMigration = 0900;
						ProvisioningStyle = Automatic;
						TestTargetID = 7FAC2C581E9E673400F14ECB;
					};
				};
			};
			buildConfigurationList = 7FAC2C541E9E673400F14ECB /* Build configuration list for PBXProject "EasyLife" */;
			compatibilityVersion = "Xcode 3.2";
			developmentRegion = English;
			hasScannedForEncodings = 0;
			knownRegions = (
				en,
				Base,
			);
			mainGroup = 7FAC2C501E9E673400F14ECB;
			productRefGroup = 7FAC2C5A1E9E673400F14ECB /* Products */;
			projectDirPath = "";
			projectRoot = "";
			targets = (
				7FAC2C581E9E673400F14ECB /* EasyLife */,
				7FAC2C6F1E9E673400F14ECB /* EasyLifeTests */,
			);
		};
/* End PBXProject section */

/* Begin PBXResourcesBuildPhase section */
		7FAC2C571E9E673400F14ECB /* Resources */ = {
			isa = PBXResourcesBuildPhase;
			buildActionMask = 2147483647;
			files = (
				7F7540111F5AD1A900A0F06C /* Project.storyboard in Resources */,
				7FAC2C6A1E9E673400F14ECB /* LaunchScreen.storyboard in Resources */,
				7FA9C2171EA9161C0089A87C /* Localizable.strings in Resources */,
				7F7770C71EE827F000A58494 /* Archive.storyboard in Resources */,
				7FD1EE241F8E8CCC0042C317 /* TagView.xib in Resources */,
				7F2A3D6E21C01F6400941347 /* Colors.xcassets in Resources */,
				7FAC2C671E9E673400F14ECB /* Assets.xcassets in Resources */,
				7F0D9248204619DF00D9AE6B /* BlockedView.xib in Resources */,
				7F163D251EDD716D00DC52B6 /* Components.storyboard in Resources */,
				7FAC2C621E9E673400F14ECB /* Plan.storyboard in Resources */,
			);
			runOnlyForDeploymentPostprocessing = 0;
		};
		7FAC2C6E1E9E673400F14ECB /* Resources */ = {
			isa = PBXResourcesBuildPhase;
			buildActionMask = 2147483647;
			files = (
				7FEEF2D22043522900616041 /* EasyLife 1.5.0.sqlite in Resources */,
			);
			runOnlyForDeploymentPostprocessing = 0;
		};
/* End PBXResourcesBuildPhase section */

/* Begin PBXShellScriptBuildPhase section */
		7FA59D8521BEB6D000538013 /* ShellScript */ = {
			isa = PBXShellScriptBuildPhase;
			buildActionMask = 2147483647;
			files = (
			);
			inputFileListPaths = (
			);
			inputPaths = (
			);
			outputFileListPaths = (
			);
			outputPaths = (
			);
			runOnlyForDeploymentPostprocessing = 0;
			shellPath = /bin/sh;
			shellScript = "if [ \"${TRAVIS}\" = \"1\" ]; then\n    exit 0\nfi\nswiftgen config run --config .swiftgen.yml\n";
		};
		7FA59D8621BEB6EA00538013 /* ShellScript */ = {
			isa = PBXShellScriptBuildPhase;
			buildActionMask = 2147483647;
			files = (
			);
			inputFileListPaths = (
			);
			inputPaths = (
			);
			outputFileListPaths = (
			);
			outputPaths = (
			);
			runOnlyForDeploymentPostprocessing = 0;
			shellPath = /bin/sh;
			shellScript = "if [ \"${TRAVIS}\" = \"1\" ]; then\n    exit 0\nfi\nif which swiftlint >/dev/null; then\n    swiftlint autocorrect --config \".swiftlint.auto.yml\" && swiftlint\nelse\n    echo \"warning: SwiftLint not installed, download from https://github.com/realm/SwiftLint\"\nfi\n";
		};
		7FA59D8C21BEBDBA00538013 /* ShellScript */ = {
			isa = PBXShellScriptBuildPhase;
			buildActionMask = 2147483647;
			files = (
			);
			inputFileListPaths = (
			);
			inputPaths = (
				"$(SRCROOT)/Carthage/Build/iOS/Logging.framework",
				"$(SRCROOT)/Carthage/Build/iOS/PPBadgeView.framework",
				"$(SRCROOT)/Carthage/Build/iOS/AsyncAwait.framework",
				"$(SRCROOT)/Carthage/Build/iOS/Result.framework",
			);
			outputFileListPaths = (
			);
			outputPaths = (
				"$(BUILT_PRODUCTS_DIR)/$(FRAMEWORKS_FOLDER_PATH)/Logging.framework",
				"$(BUILT_PRODUCTS_DIR)/$(FRAMEWORKS_FOLDER_PATH)/PPBadgeView.framework",
				"$(BUILT_PRODUCTS_DIR)/$(FRAMEWORKS_FOLDER_PATH)/AsyncAwait.framework",
				"$(BUILT_PRODUCTS_DIR)/$(FRAMEWORKS_FOLDER_PATH)/Result.framework",
			);
			runOnlyForDeploymentPostprocessing = 0;
			shellPath = /bin/sh;
			shellScript = "/usr/local/bin/carthage copy-frameworks\n";
		};
		7FA9C21D1EA917A80089A87C /* ShellScript */ = {
			isa = PBXShellScriptBuildPhase;
			buildActionMask = 2147483647;
			files = (
			);
			inputPaths = (
			);
			outputPaths = (
			);
			runOnlyForDeploymentPostprocessing = 0;
			shellPath = /bin/sh;
			shellScript = "if [ \"${TRAVIS}\" = \"1\" ]; then\n    exit 0\nfi\nsh base_lang.sh\n";
		};
		8F5517368FCC974021FC30B1 /* [CP] Copy Pods Resources */ = {
			isa = PBXShellScriptBuildPhase;
			buildActionMask = 2147483647;
			files = (
			);
			inputPaths = (
			);
			name = "[CP] Copy Pods Resources";
			outputPaths = (
			);
			runOnlyForDeploymentPostprocessing = 0;
			shellPath = /bin/sh;
			shellScript = "\"${SRCROOT}/Pods/Target Support Files/Pods-EasyLifeTests/Pods-EasyLifeTests-resources.sh\"\n";
			showEnvVarsInLog = 0;
		};
		AE7DFFA73A9D97FAF265AB72 /* [CP] Check Pods Manifest.lock */ = {
			isa = PBXShellScriptBuildPhase;
			buildActionMask = 2147483647;
			files = (
			);
			inputPaths = (
				"${PODS_PODFILE_DIR_PATH}/Podfile.lock",
				"${PODS_ROOT}/Manifest.lock",
			);
			name = "[CP] Check Pods Manifest.lock";
			outputPaths = (
				"$(DERIVED_FILE_DIR)/Pods-EasyLifeTests-checkManifestLockResult.txt",
			);
			runOnlyForDeploymentPostprocessing = 0;
			shellPath = /bin/sh;
			shellScript = "diff \"${PODS_PODFILE_DIR_PATH}/Podfile.lock\" \"${PODS_ROOT}/Manifest.lock\" > /dev/null\nif [ $? != 0 ] ; then\n    # print error to STDERR\n    echo \"error: The sandbox is not in sync with the Podfile.lock. Run 'pod install' or update your CocoaPods installation.\" >&2\n    exit 1\nfi\n# This output is used by Xcode 'outputs' to avoid re-running this script phase.\necho \"SUCCESS\" > \"${SCRIPT_OUTPUT_FILE_0}\"\n";
			showEnvVarsInLog = 0;
		};
		D1AB6AE6DCCE8F33D1D4B4B6 /* [CP] Embed Pods Frameworks */ = {
			isa = PBXShellScriptBuildPhase;
			buildActionMask = 2147483647;
			files = (
			);
			inputPaths = (
			);
			name = "[CP] Embed Pods Frameworks";
			outputPaths = (
			);
			runOnlyForDeploymentPostprocessing = 0;
			shellPath = /bin/sh;
			shellScript = "\"${SRCROOT}/Pods/Target Support Files/Pods-EasyLifeTests/Pods-EasyLifeTests-frameworks.sh\"\n";
			showEnvVarsInLog = 0;
		};
/* End PBXShellScriptBuildPhase section */

/* Begin PBXSourcesBuildPhase section */
		7FAC2C551E9E673400F14ECB /* Sources */ = {
			isa = PBXSourcesBuildPhase;
			buildActionMask = 2147483647;
			files = (
				7FAC2C921E9E7EEA00F14ECB /* PlanCell.swift in Sources */,
				7F3BD2CB21D2BA010035F540 /* ProjectCellViewState.swift in Sources */,
				7FAC2C961E9EBF6400F14ECB /* ResponderSelection.swift in Sources */,
				7FAC2CB81E9FA8AE00F14ECB /* UITextFieldReadOnly.swift in Sources */,
				7FAC2C5F1E9E673400F14ECB /* PlanViewController.swift in Sources */,
				7FD2E4E41F8EB2EB00A57FB5 /* UIViewExtensions.swift in Sources */,
				7FAC2CB61E9F9B0E00F14ECB /* UITableViewStyle.swift in Sources */,
				7F429C9D21C5B60100195E32 /* ProjectsController.swift in Sources */,
				7F93792F1EA7661B009E33FA /* DateSegment.swift in Sources */,
				7F9C62222018BF32006890EB /* DateComponentsFormatterExtensions.swift in Sources */,
				7F429C8921C41BFD00195E32 /* AppControllerFactory.swift in Sources */,
				7F3BD2B921CFEC970035F540 /* ItemDetailAction.swift in Sources */,
				7FAC2C821E9E692E00F14ECB /* ItemDetailViewController.swift in Sources */,
				7F163D311EDEE98D00DC52B6 /* BundleExtensions.swift in Sources */,
				7F163D221EDCDB9400DC52B6 /* TableHeaderView.swift in Sources */,
				7F429C7D21C3F8E700195E32 /* Mockable.swift in Sources */,
				7F429C9121C539CD00195E32 /* ArchiveController.swift in Sources */,
				7F429C9321C53B7800195E32 /* LayoutConstraintCache.swift in Sources */,
				7FC488D72041A763003F6F19 /* BlockedViewController.swift in Sources */,
				7F3BD2BF21D13D030035F540 /* BlockedController.swift in Sources */,
				7FE4488F2041F49900F2DE77 /* ItemDetailRepository.swift in Sources */,
				7F102DDF1F5ABF8900E262B1 /* ProjectCell.swift in Sources */,
				7F3BD2D121D2D82D0035F540 /* BlockedState.swift in Sources */,
				7FEEF2CE2042FB3500616041 /* Project+Utility.swift in Sources */,
				7F102DE11F5ABF9300E262B1 /* ProjectsViewController.swift in Sources */,
				7F429C8E21C42FF600195E32 /* PlanCoordinator.swift in Sources */,
				7F429CA721C66B5000195E32 /* ProjectsAction.swift in Sources */,
				7F93792D1EA761F9009E33FA /* SimpleDatePicker.swift in Sources */,
				7F163D2C1EDD746B00DC52B6 /* AppBadge.swift in Sources */,
				7F429C7921C3E9D000195E32 /* PlanController.swift in Sources */,
				7F429C8721C41B3500195E32 /* AppController.swift in Sources */,
				7FAC2CA41E9ED1C800F14ECB /* FatalViewController.swift in Sources */,
				7F3BD2C321D13D350035F540 /* BlockedRepository.swift in Sources */,
				7F429C9F21C5B7D500195E32 /* ProjectsViewState.swift in Sources */,
				7FAC2C9F1E9ECACB00F14ECB /* DateExtensions.swift in Sources */,
				7F429C9921C55E0300195E32 /* AlertController.swift in Sources */,
				7FAC2C981E9EC91400F14ECB /* RepeatState.swift in Sources */,
				7F429C7621C3D99E00195E32 /* assets.swift in Sources */,
				7F3BD2C521D14A010035F540 /* PlanAction.swift in Sources */,
				7F429CA121C6578D00195E32 /* Error.swift in Sources */,
				7F429C7721C3D99E00195E32 /* strings.swift in Sources */,
				7F3BD2B521CFE9BE0035F540 /* ItemDetailController.swift in Sources */,
				7FD1EE261F8E8D750042C317 /* TagView.swift in Sources */,
				7F3BD2C921D2ACCE0035F540 /* ArchiveCellViewState.swift in Sources */,
				7F3BD2C721D183590035F540 /* PlanCellViewState.swift in Sources */,
				7FAC2C801E9E676A00F14ECB /* CoreDataManager.swift in Sources */,
				7FE4489120420B2C00F2DE77 /* BlockedItem.swift in Sources */,
				7F2F412A2112FF6E0070FCAD /* FatalErrorHandler.swift in Sources */,
				7F429CA321C65EA700195E32 /* CoreDataContext.swift in Sources */,
				7FC488D42041A3DD003F6F19 /* BlockedCell.swift in Sources */,
				7FC73E7D1F5ABE6700A55703 /* EasyLife.xcdatamodeld in Sources */,
				7F3BD2C121D13D2C0035F540 /* BlockedViewState.swift in Sources */,
				7F102DE01F5ABF8F00E262B1 /* ProjectsRepository.swift in Sources */,
				7FAC2C841E9E71BA00F14ECB /* PlanRepository.swift in Sources */,
				7FA9C21F1EAA216A0089A87C /* DisplayEnum.swift in Sources */,
				7FBA02891EE1E50800C3103A /* ArchiveViewController.swift in Sources */,
				7FBA028D1EE1E85800C3103A /* ArchiveRepository.swift in Sources */,
				7FAC2C941E9EBC9A00F14ECB /* TodoItem+Utility.swift in Sources */,
				7F3BD2CD21D2D4E40035F540 /* BlockedCellViewState.swift in Sources */,
				7FAC2CA81E9ED67200F14ECB /* ArrayExtensions.swift in Sources */,
				7FBA028B1EE1E60D00C3103A /* ArchiveCell.swift in Sources */,
				7F429C9521C5402100195E32 /* ArchiveAction.swift in Sources */,
				7F429CAB21C7FD0D00195E32 /* Presentable.swift in Sources */,
				7FAC2CA21E9ED15100F14ECB /* UIStoryboardExtensions.swift in Sources */,
				7FAC2C5D1E9E673400F14ECB /* AppDelegate.swift in Sources */,
				7F429CA921C66B5C00195E32 /* ProjectItemAction.swift in Sources */,
				7F429C7F21C4040E00195E32 /* PlanSection.swift in Sources */,
				7F429C8121C4041B00195E32 /* PlanItemAction.swift in Sources */,
				7F3BD2CF21D2D5FF0035F540 /* TagViewState.swift in Sources */,
				7F429C9B21C55E4400195E32 /* Alert.swift in Sources */,
				7FAC2CB01E9F7B3D00F14ECB /* UITextViewStyle.swift in Sources */,
				7F3BD2BB21D016FA0035F540 /* ItemDetailComponent.swift in Sources */,
				7F429C7B21C3F88800195E32 /* PlanViewState.swift in Sources */,
				7F0D924A20461A1F00D9AE6B /* BlockedBackgroundView.swift in Sources */,
				7F429CA521C6663500195E32 /* ProjectSections.swift in Sources */,
				7FAC2CB21E9F7EDF00F14ECB /* NotificationName.swift in Sources */,
				7F3BD2B721CFE9C70035F540 /* ItemDetailViewState.swift in Sources */,
				7F429C9721C5413400195E32 /* ArchiveViewState.swift in Sources */,
				7F3BD2D321D2D93D0035F540 /* BlockedBackgroundViewState.swift in Sources */,
			);
			runOnlyForDeploymentPostprocessing = 0;
		};
		7FAC2C6C1E9E673400F14ECB /* Sources */ = {
			isa = PBXSourcesBuildPhase;
			buildActionMask = 2147483647;
			files = (
				7F7770CD1EE8358500A58494 /* GCD.swift in Sources */,
				7FCEC92A1EA905E100BA5187 /* FatalErrorHandlerTests.swift in Sources */,
				7FCEC9221EA7C88400BA5187 /* RepeatTests.swift in Sources */,
				7FCEC9261EA7CD0500BA5187 /* PlanDataSourceTests.swift in Sources */,
				7F90548B1EA7B6DF006D8F73 /* MockTodoItem.swift in Sources */,
				7F6CE20420435C6900AE399E /* ItemDetailDataSourceTests.swift in Sources */,
				7F6CE20220435AFF00AE399E /* BlockedDataSource.swift in Sources */,
				7FC73E771F5AA89200A55703 /* MockProject.swift in Sources */,
				7F6CE2002043594300AE399E /* BlockedViewControllerTests.swift in Sources */,
				7F1711E91FB1B7C600ED08D8 /* TodoItemTests.swift in Sources */,
				7FCEC9241EA7C88B00BA5187 /* DateSegmentTests.swift in Sources */,
				7F102DE51F5AC22200E262B1 /* DataManagerTests.swift in Sources */,
				7F7770CF1EE83E8200A58494 /* ArchiveDataSourceTests.swift in Sources */,
				7FCEC9281EA8E3B500BA5187 /* CoreData.swift in Sources */,
				7FC73E751F5AA83E00A55703 /* ProjectsViewControllerTests.swift in Sources */,
				7F7770BE1EE8261200A58494 /* ArchiveViewControllerTests.swift in Sources */,
				7FCEC91F1EA7BB3D00BA5187 /* ItemDetailViewControllerTests.swift in Sources */,
				7FC73E791F5AAE7300A55703 /* ProjectsDataSourceTests.swift in Sources */,
				7FAC2C751E9E673400F14ECB /* PlanViewControllerTests.swift in Sources */,
			);
			runOnlyForDeploymentPostprocessing = 0;
		};
/* End PBXSourcesBuildPhase section */

/* Begin PBXTargetDependency section */
		7FAC2C721E9E673400F14ECB /* PBXTargetDependency */ = {
			isa = PBXTargetDependency;
			target = 7FAC2C581E9E673400F14ECB /* EasyLife */;
			targetProxy = 7FAC2C711E9E673400F14ECB /* PBXContainerItemProxy */;
		};
/* End PBXTargetDependency section */

/* Begin PBXVariantGroup section */
		7F163D271EDD716D00DC52B6 /* Components.storyboard */ = {
			isa = PBXVariantGroup;
			children = (
				7F163D281EDD717500DC52B6 /* Base */,
				7F163D2A1EDD718500DC52B6 /* en */,
			);
			name = Components.storyboard;
			sourceTree = "<group>";
		};
		7F75400F1F5AD1A900A0F06C /* Project.storyboard */ = {
			isa = PBXVariantGroup;
			children = (
				7F7540101F5AD1A900A0F06C /* Base */,
				7F7540131F5AD29C00A0F06C /* en */,
			);
			name = Project.storyboard;
			sourceTree = "<group>";
		};
		7F7770C91EE827F000A58494 /* Archive.storyboard */ = {
			isa = PBXVariantGroup;
			children = (
				7F7770C81EE827F000A58494 /* Base */,
				7F7770CB1EE827F200A58494 /* en */,
			);
			name = Archive.storyboard;
			sourceTree = "<group>";
		};
		7FA9C2191EA9161C0089A87C /* Localizable.strings */ = {
			isa = PBXVariantGroup;
			children = (
				7FA9C2181EA9161C0089A87C /* en */,
				7FA9C21A1EA9161F0089A87C /* Base */,
			);
			name = Localizable.strings;
			sourceTree = "<group>";
		};
		7FAC2C601E9E673400F14ECB /* Plan.storyboard */ = {
			isa = PBXVariantGroup;
			children = (
				7FAC2C611E9E673400F14ECB /* Base */,
				7FEEF2D02043094200616041 /* en */,
			);
			name = Plan.storyboard;
			sourceTree = "<group>";
		};
		7FAC2C681E9E673400F14ECB /* LaunchScreen.storyboard */ = {
			isa = PBXVariantGroup;
			children = (
				7FAC2C691E9E673400F14ECB /* Base */,
			);
			name = LaunchScreen.storyboard;
			sourceTree = "<group>";
		};
/* End PBXVariantGroup section */

/* Begin XCBuildConfiguration section */
		7FAC2C771E9E673400F14ECB /* Debug */ = {
			isa = XCBuildConfiguration;
			buildSettings = {
				ALWAYS_SEARCH_USER_PATHS = NO;
				CLANG_ANALYZER_NONNULL = YES;
				CLANG_CXX_LANGUAGE_STANDARD = "gnu++0x";
				CLANG_CXX_LIBRARY = "libc++";
				CLANG_ENABLE_MODULES = YES;
				CLANG_ENABLE_OBJC_ARC = YES;
				CLANG_WARN_BLOCK_CAPTURE_AUTORELEASING = YES;
				CLANG_WARN_BOOL_CONVERSION = YES;
				CLANG_WARN_COMMA = YES;
				CLANG_WARN_CONSTANT_CONVERSION = YES;
				CLANG_WARN_DEPRECATED_OBJC_IMPLEMENTATIONS = YES;
				CLANG_WARN_DIRECT_OBJC_ISA_USAGE = YES_ERROR;
				CLANG_WARN_DOCUMENTATION_COMMENTS = YES;
				CLANG_WARN_EMPTY_BODY = YES;
				CLANG_WARN_ENUM_CONVERSION = YES;
				CLANG_WARN_INFINITE_RECURSION = YES;
				CLANG_WARN_INT_CONVERSION = YES;
				CLANG_WARN_NON_LITERAL_NULL_CONVERSION = YES;
				CLANG_WARN_OBJC_IMPLICIT_RETAIN_SELF = YES;
				CLANG_WARN_OBJC_LITERAL_CONVERSION = YES;
				CLANG_WARN_OBJC_ROOT_CLASS = YES_ERROR;
				CLANG_WARN_RANGE_LOOP_ANALYSIS = YES;
				CLANG_WARN_STRICT_PROTOTYPES = YES;
				CLANG_WARN_SUSPICIOUS_MOVE = YES;
				CLANG_WARN_UNREACHABLE_CODE = YES;
				CLANG_WARN__DUPLICATE_METHOD_MATCH = YES;
				"CODE_SIGN_IDENTITY[sdk=iphoneos*]" = "iPhone Developer";
				COPY_PHASE_STRIP = NO;
				DEBUG_INFORMATION_FORMAT = dwarf;
				ENABLE_STRICT_OBJC_MSGSEND = YES;
				ENABLE_TESTABILITY = YES;
				GCC_C_LANGUAGE_STANDARD = gnu99;
				GCC_DYNAMIC_NO_PIC = NO;
				GCC_NO_COMMON_BLOCKS = YES;
				GCC_OPTIMIZATION_LEVEL = 0;
				GCC_PREPROCESSOR_DEFINITIONS = (
					"DEBUG=1",
					"$(inherited)",
				);
				GCC_WARN_64_TO_32_BIT_CONVERSION = YES;
				GCC_WARN_ABOUT_RETURN_TYPE = YES_ERROR;
				GCC_WARN_UNDECLARED_SELECTOR = YES;
				GCC_WARN_UNINITIALIZED_AUTOS = YES_AGGRESSIVE;
				GCC_WARN_UNUSED_FUNCTION = YES;
				GCC_WARN_UNUSED_VARIABLE = YES;
				IPHONEOS_DEPLOYMENT_TARGET = 10.2;
				MTL_ENABLE_DEBUG_INFO = YES;
				ONLY_ACTIVE_ARCH = YES;
				SDKROOT = iphoneos;
				SWIFT_ACTIVE_COMPILATION_CONDITIONS = DEBUG;
				SWIFT_OPTIMIZATION_LEVEL = "-Onone";
				TARGETED_DEVICE_FAMILY = "1,2";
			};
			name = Debug;
		};
		7FAC2C781E9E673400F14ECB /* Release */ = {
			isa = XCBuildConfiguration;
			buildSettings = {
				ALWAYS_SEARCH_USER_PATHS = NO;
				CLANG_ANALYZER_NONNULL = YES;
				CLANG_CXX_LANGUAGE_STANDARD = "gnu++0x";
				CLANG_CXX_LIBRARY = "libc++";
				CLANG_ENABLE_MODULES = YES;
				CLANG_ENABLE_OBJC_ARC = YES;
				CLANG_WARN_BLOCK_CAPTURE_AUTORELEASING = YES;
				CLANG_WARN_BOOL_CONVERSION = YES;
				CLANG_WARN_COMMA = YES;
				CLANG_WARN_CONSTANT_CONVERSION = YES;
				CLANG_WARN_DEPRECATED_OBJC_IMPLEMENTATIONS = YES;
				CLANG_WARN_DIRECT_OBJC_ISA_USAGE = YES_ERROR;
				CLANG_WARN_DOCUMENTATION_COMMENTS = YES;
				CLANG_WARN_EMPTY_BODY = YES;
				CLANG_WARN_ENUM_CONVERSION = YES;
				CLANG_WARN_INFINITE_RECURSION = YES;
				CLANG_WARN_INT_CONVERSION = YES;
				CLANG_WARN_NON_LITERAL_NULL_CONVERSION = YES;
				CLANG_WARN_OBJC_IMPLICIT_RETAIN_SELF = YES;
				CLANG_WARN_OBJC_LITERAL_CONVERSION = YES;
				CLANG_WARN_OBJC_ROOT_CLASS = YES_ERROR;
				CLANG_WARN_RANGE_LOOP_ANALYSIS = YES;
				CLANG_WARN_STRICT_PROTOTYPES = YES;
				CLANG_WARN_SUSPICIOUS_MOVE = YES;
				CLANG_WARN_UNREACHABLE_CODE = YES;
				CLANG_WARN__DUPLICATE_METHOD_MATCH = YES;
				"CODE_SIGN_IDENTITY[sdk=iphoneos*]" = "iPhone Developer";
				COPY_PHASE_STRIP = NO;
				DEBUG_INFORMATION_FORMAT = "dwarf-with-dsym";
				ENABLE_NS_ASSERTIONS = NO;
				ENABLE_STRICT_OBJC_MSGSEND = YES;
				GCC_C_LANGUAGE_STANDARD = gnu99;
				GCC_NO_COMMON_BLOCKS = YES;
				GCC_WARN_64_TO_32_BIT_CONVERSION = YES;
				GCC_WARN_ABOUT_RETURN_TYPE = YES_ERROR;
				GCC_WARN_UNDECLARED_SELECTOR = YES;
				GCC_WARN_UNINITIALIZED_AUTOS = YES_AGGRESSIVE;
				GCC_WARN_UNUSED_FUNCTION = YES;
				GCC_WARN_UNUSED_VARIABLE = YES;
				IPHONEOS_DEPLOYMENT_TARGET = 10.2;
				MTL_ENABLE_DEBUG_INFO = NO;
				SDKROOT = iphoneos;
				SWIFT_OPTIMIZATION_LEVEL = "-Owholemodule";
				TARGETED_DEVICE_FAMILY = "1,2";
				VALIDATE_PRODUCT = YES;
			};
			name = Release;
		};
		7FAC2C7A1E9E673400F14ECB /* Debug */ = {
			isa = XCBuildConfiguration;
			buildSettings = {
				ASSETCATALOG_COMPILER_APPICON_NAME = AppIcon;
				"CODE_SIGN_IDENTITY[sdk=iphoneos*]" = "iPhone Developer";
				DEBUG_INFORMATION_FORMAT = "dwarf-with-dsym";
				DEVELOPMENT_TEAM = PFC77GK3D7;
				FRAMEWORK_SEARCH_PATHS = (
					"$(inherited)",
					"$(PROJECT_DIR)/Carthage/Build/iOS",
				);
				INFOPLIST_FILE = EasyLife/Info.plist;
				IPHONEOS_DEPLOYMENT_TARGET = 11.0;
				LD_RUNPATH_SEARCH_PATHS = "$(inherited) @executable_path/Frameworks";
				PRODUCT_BUNDLE_IDENTIFIER = com.pinkchicken.easylife;
				PRODUCT_NAME = "$(TARGET_NAME)";
				PROVISIONING_PROFILE = "";
				PROVISIONING_PROFILE_SPECIFIER = "";
				SWIFT_SWIFT3_OBJC_INFERENCE = On;
				SWIFT_VERSION = 4.0;
				TARGETED_DEVICE_FAMILY = "1,2";
			};
			name = Debug;
		};
		7FAC2C7B1E9E673400F14ECB /* Release */ = {
			isa = XCBuildConfiguration;
			buildSettings = {
				ASSETCATALOG_COMPILER_APPICON_NAME = AppIcon;
				"CODE_SIGN_IDENTITY[sdk=iphoneos*]" = "iPhone Developer";
				DEVELOPMENT_TEAM = PFC77GK3D7;
				FRAMEWORK_SEARCH_PATHS = (
					"$(inherited)",
					"$(PROJECT_DIR)/Carthage/Build/iOS",
				);
				INFOPLIST_FILE = EasyLife/Info.plist;
				IPHONEOS_DEPLOYMENT_TARGET = 11.0;
				LD_RUNPATH_SEARCH_PATHS = "$(inherited) @executable_path/Frameworks";
				PRODUCT_BUNDLE_IDENTIFIER = com.pinkchicken.easylife;
				PRODUCT_NAME = "$(TARGET_NAME)";
				PROVISIONING_PROFILE = "";
				PROVISIONING_PROFILE_SPECIFIER = "";
				SWIFT_SWIFT3_OBJC_INFERENCE = On;
				SWIFT_VERSION = 4.0;
				TARGETED_DEVICE_FAMILY = "1,2";
			};
			name = Release;
		};
		7FAC2C7D1E9E673400F14ECB /* Debug */ = {
			isa = XCBuildConfiguration;
			buildSettings = {
				ALWAYS_EMBED_SWIFT_STANDARD_LIBRARIES = YES;
				BUNDLE_LOADER = "$(TEST_HOST)";
				DEVELOPMENT_TEAM = PFC77GK3D7;
				INFOPLIST_FILE = EasyLifeTests/Info.plist;
				IPHONEOS_DEPLOYMENT_TARGET = 11.0;
				LD_RUNPATH_SEARCH_PATHS = "$(inherited) @executable_path/Frameworks @loader_path/Frameworks";
				PRODUCT_BUNDLE_IDENTIFIER = com.pinkchicken.EasyLifeTests;
				PRODUCT_NAME = "$(TARGET_NAME)";
				SWIFT_SWIFT3_OBJC_INFERENCE = On;
				SWIFT_VERSION = 4.0;
				TEST_HOST = "$(BUILT_PRODUCTS_DIR)/EasyLife.app/EasyLife";
			};
			name = Debug;
		};
		7FAC2C7E1E9E673400F14ECB /* Release */ = {
			isa = XCBuildConfiguration;
			buildSettings = {
				ALWAYS_EMBED_SWIFT_STANDARD_LIBRARIES = YES;
				BUNDLE_LOADER = "$(TEST_HOST)";
				DEVELOPMENT_TEAM = PFC77GK3D7;
				INFOPLIST_FILE = EasyLifeTests/Info.plist;
				IPHONEOS_DEPLOYMENT_TARGET = 11.0;
				LD_RUNPATH_SEARCH_PATHS = "$(inherited) @executable_path/Frameworks @loader_path/Frameworks";
				PRODUCT_BUNDLE_IDENTIFIER = com.pinkchicken.EasyLifeTests;
				PRODUCT_NAME = "$(TARGET_NAME)";
				SWIFT_SWIFT3_OBJC_INFERENCE = On;
				SWIFT_VERSION = 4.0;
				TEST_HOST = "$(BUILT_PRODUCTS_DIR)/EasyLife.app/EasyLife";
			};
			name = Release;
		};
/* End XCBuildConfiguration section */

/* Begin XCConfigurationList section */
		7FAC2C541E9E673400F14ECB /* Build configuration list for PBXProject "EasyLife" */ = {
			isa = XCConfigurationList;
			buildConfigurations = (
				7FAC2C771E9E673400F14ECB /* Debug */,
				7FAC2C781E9E673400F14ECB /* Release */,
			);
			defaultConfigurationIsVisible = 0;
			defaultConfigurationName = Release;
		};
		7FAC2C791E9E673400F14ECB /* Build configuration list for PBXNativeTarget "EasyLife" */ = {
			isa = XCConfigurationList;
			buildConfigurations = (
				7FAC2C7A1E9E673400F14ECB /* Debug */,
				7FAC2C7B1E9E673400F14ECB /* Release */,
			);
			defaultConfigurationIsVisible = 0;
			defaultConfigurationName = Release;
		};
		7FAC2C7C1E9E673400F14ECB /* Build configuration list for PBXNativeTarget "EasyLifeTests" */ = {
			isa = XCConfigurationList;
			buildConfigurations = (
				7FAC2C7D1E9E673400F14ECB /* Debug */,
				7FAC2C7E1E9E673400F14ECB /* Release */,
			);
			defaultConfigurationIsVisible = 0;
			defaultConfigurationName = Release;
		};
/* End XCConfigurationList section */

/* Begin XCVersionGroup section */
		7FC73E7B1F5ABE6700A55703 /* EasyLife.xcdatamodeld */ = {
			isa = XCVersionGroup;
			children = (
				7FC488D52041A50C003F6F19 /* EasyLife 1.5.0.xcdatamodel */,
				7FC73E7E1F5ABE7A00A55703 /* EasyLife 1.3.0.xcdatamodel */,
				7FC73E7C1F5ABE6700A55703 /* EasyLife.xcdatamodel */,
			);
			currentVersion = 7FC488D52041A50C003F6F19 /* EasyLife 1.5.0.xcdatamodel */;
			path = EasyLife.xcdatamodeld;
			sourceTree = "<group>";
			versionGroupType = wrapper.xcdatamodel;
		};
/* End XCVersionGroup section */
	};
	rootObject = 7FAC2C511E9E673400F14ECB /* Project object */;
}
